
Microsoft Visual Studio Solution File, Format Version 12.00
# Visual Studio Version 17
VisualStudioVersion = 17.2.32630.192
MinimumVisualStudioVersion = 10.0.40219.1
Project("{FAE04EC0-301F-11D3-BF4B-00C04F79EFBC}") = "Datatype", "Datatype\Datatype.csproj", "{8285FFEF-CB1A-4574-8181-4A458135B0D5}"
EndProject
Global
	GlobalSection(SolutionConfigurationPlatforms) = preSolution
		Debug|Any CPU = Debug|Any CPU
		Release|Any CPU = Release|Any CPU
	EndGlobalSection
	GlobalSection(ProjectConfigurationPlatforms) = postSolution
		{8285FFEF-CB1A-4574-8181-4A458135B0D5}.Debug|Any CPU.ActiveCfg = Debug|Any CPU
		{8285FFEF-CB1A-4574-8181-4A458135B0D5}.Debug|Any CPU.Build.0 = Debug|Any CPU
		{8285FFEF-CB1A-4574-8181-4A458135B0D5}.Release|Any CPU.ActiveCfg = Release|Any CPU
		{8285FFEF-CB1A-4574-8181-4A458135B0D5}.Release|Any CPU.Build.0 = Release|Any CPU
	EndGlobalSection
	GlobalSection(SolutionProperties) = preSolution
		HideSolutionNode = FALSE
	EndGlobalSection
	GlobalSection(ExtensibilityGlobals) = postSolution
		SolutionGuid = {3EE17E0C-2916-4ED6-968B-CA5FB7211DC0}
	EndGlobalSection
EndGlobal
