
Microsoft Visual Studio Solution File, Format Version 12.00
# Visual Studio Version 17
VisualStudioVersion = 17.2.32630.192
MinimumVisualStudioVersion = 10.0.40219.1
Project("{FAE04EC0-301F-11D3-BF4B-00C04F79EFBC}") = "Program_if5_nested", "Program_if5_nested\Program_if5_nested.csproj", "{3AA12F23-5404-42A2-89C7-D09853785C00}"
EndProject
Global
	GlobalSection(SolutionConfigurationPlatforms) = preSolution
		Debug|Any CPU = Debug|Any CPU
		Release|Any CPU = Release|Any CPU
	EndGlobalSection
	GlobalSection(ProjectConfigurationPlatforms) = postSolution
		{3AA12F23-5404-42A2-89C7-D09853785C00}.Debug|Any CPU.ActiveCfg = Debug|Any CPU
		{3AA12F23-5404-42A2-89C7-D09853785C00}.Debug|Any CPU.Build.0 = Debug|Any CPU
		{3AA12F23-5404-42A2-89C7-D09853785C00}.Release|Any CPU.ActiveCfg = Release|Any CPU
		{3AA12F23-5404-42A2-89C7-D09853785C00}.Release|Any CPU.Build.0 = Release|Any CPU
	EndGlobalSection
	GlobalSection(SolutionProperties) = preSolution
		HideSolutionNode = FALSE
	EndGlobalSection
	GlobalSection(ExtensibilityGlobals) = postSolution
		SolutionGuid = {1C782F1E-B9E2-47B4-86CC-15BF657CB022}
	EndGlobalSection
EndGlobal
