
Microsoft Visual Studio Solution File, Format Version 12.00
# Visual Studio Version 17
VisualStudioVersion = 17.2.32630.192
MinimumVisualStudioVersion = 10.0.40219.1
Project("{FAE04EC0-301F-11D3-BF4B-00C04F79EFBC}") = "Unary_Decrement_Operator", "Unary_Decrement_Operator\Unary_Decrement_Operator.csproj", "{DCA529AA-9143-40FD-8295-9D581FABF535}"
EndProject
Global
	GlobalSection(SolutionConfigurationPlatforms) = preSolution
		Debug|Any CPU = Debug|Any CPU
		Release|Any CPU = Release|Any CPU
	EndGlobalSection
	GlobalSection(ProjectConfigurationPlatforms) = postSolution
		{DCA529AA-9143-40FD-8295-9D581FABF535}.Debug|Any CPU.ActiveCfg = Debug|Any CPU
		{DCA529AA-9143-40FD-8295-9D581FABF535}.Debug|Any CPU.Build.0 = Debug|Any CPU
		{DCA529AA-9143-40FD-8295-9D581FABF535}.Release|Any CPU.ActiveCfg = Release|Any CPU
		{DCA529AA-9143-40FD-8295-9D581FABF535}.Release|Any CPU.Build.0 = Release|Any CPU
	EndGlobalSection
	GlobalSection(SolutionProperties) = preSolution
		HideSolutionNode = FALSE
	EndGlobalSection
	GlobalSection(ExtensibilityGlobals) = postSolution
		SolutionGuid = {A7131755-8A94-48C1-BE51-2108C11A19CD}
	EndGlobalSection
EndGlobal
