
Microsoft Visual Studio Solution File, Format Version 12.00
# Visual Studio Version 17
VisualStudioVersion = 17.2.32630.192
MinimumVisualStudioVersion = 10.0.40219.1
Project("{FAE04EC0-301F-11D3-BF4B-00C04F79EFBC}") = "Sql_connection_five", "Sql_connection_five\Sql_connection_five.csproj", "{DCEDFB2E-2B7B-4F0D-911E-2118F01FCA0A}"
EndProject
Global
	GlobalSection(SolutionConfigurationPlatforms) = preSolution
		Debug|Any CPU = Debug|Any CPU
		Release|Any CPU = Release|Any CPU
	EndGlobalSection
	GlobalSection(ProjectConfigurationPlatforms) = postSolution
		{DCEDFB2E-2B7B-4F0D-911E-2118F01FCA0A}.Debug|Any CPU.ActiveCfg = Debug|Any CPU
		{DCEDFB2E-2B7B-4F0D-911E-2118F01FCA0A}.Debug|Any CPU.Build.0 = Debug|Any CPU
		{DCEDFB2E-2B7B-4F0D-911E-2118F01FCA0A}.Release|Any CPU.ActiveCfg = Release|Any CPU
		{DCEDFB2E-2B7B-4F0D-911E-2118F01FCA0A}.Release|Any CPU.Build.0 = Release|Any CPU
	EndGlobalSection
	GlobalSection(SolutionProperties) = preSolution
		HideSolutionNode = FALSE
	EndGlobalSection
	GlobalSection(ExtensibilityGlobals) = postSolution
		SolutionGuid = {4CD12833-B11C-4D69-A4B3-BFCCFEC28D15}
	EndGlobalSection
EndGlobal
