
Microsoft Visual Studio Solution File, Format Version 12.00
# Visual Studio Version 17
VisualStudioVersion = 17.2.32630.192
MinimumVisualStudioVersion = 10.0.40219.1
Project("{FAE04EC0-301F-11D3-BF4B-00C04F79EFBC}") = "Function_with_p_without_return_type_output", "Function_with_p_without_return_type_output\Function_with_p_without_return_type_output.csproj", "{8C70E86C-090A-4B9B-8A03-91140300F35E}"
EndProject
Global
	GlobalSection(SolutionConfigurationPlatforms) = preSolution
		Debug|Any CPU = Debug|Any CPU
		Release|Any CPU = Release|Any CPU
	EndGlobalSection
	GlobalSection(ProjectConfigurationPlatforms) = postSolution
		{8C70E86C-090A-4B9B-8A03-91140300F35E}.Debug|Any CPU.ActiveCfg = Debug|Any CPU
		{8C70E86C-090A-4B9B-8A03-91140300F35E}.Debug|Any CPU.Build.0 = Debug|Any CPU
		{8C70E86C-090A-4B9B-8A03-91140300F35E}.Release|Any CPU.ActiveCfg = Release|Any CPU
		{8C70E86C-090A-4B9B-8A03-91140300F35E}.Release|Any CPU.Build.0 = Release|Any CPU
	EndGlobalSection
	GlobalSection(SolutionProperties) = preSolution
		HideSolutionNode = FALSE
	EndGlobalSection
	GlobalSection(ExtensibilityGlobals) = postSolution
		SolutionGuid = {247BCB71-DA83-47BC-A850-E96C1B56E5F4}
	EndGlobalSection
EndGlobal
