
Microsoft Visual Studio Solution File, Format Version 12.00
# Visual Studio Version 17
VisualStudioVersion = 17.2.32630.192
MinimumVisualStudioVersion = 10.0.40219.1
Project("{FAE04EC0-301F-11D3-BF4B-00C04F79EFBC}") = "Exception_handling2", "Exception_handling2\Exception_handling2.csproj", "{FBC8529A-8F5E-42A5-8098-FC73185CA459}"
EndProject
Global
	GlobalSection(SolutionConfigurationPlatforms) = preSolution
		Debug|Any CPU = Debug|Any CPU
		Release|Any CPU = Release|Any CPU
	EndGlobalSection
	GlobalSection(ProjectConfigurationPlatforms) = postSolution
		{FBC8529A-8F5E-42A5-8098-FC73185CA459}.Debug|Any CPU.ActiveCfg = Debug|Any CPU
		{FBC8529A-8F5E-42A5-8098-FC73185CA459}.Debug|Any CPU.Build.0 = Debug|Any CPU
		{FBC8529A-8F5E-42A5-8098-FC73185CA459}.Release|Any CPU.ActiveCfg = Release|Any CPU
		{FBC8529A-8F5E-42A5-8098-FC73185CA459}.Release|Any CPU.Build.0 = Release|Any CPU
	EndGlobalSection
	GlobalSection(SolutionProperties) = preSolution
		HideSolutionNode = FALSE
	EndGlobalSection
	GlobalSection(ExtensibilityGlobals) = postSolution
		SolutionGuid = {89B47EDD-BEA6-42DD-83DE-D92259918286}
	EndGlobalSection
EndGlobal
