
Microsoft Visual Studio Solution File, Format Version 12.00
# Visual Studio Version 17
VisualStudioVersion = 17.4.33205.214
MinimumVisualStudioVersion = 10.0.40219.1
Project("{FAE04EC0-301F-11D3-BF4B-00C04F79EFBC}") = "First_Website(ASP.Net)", "First_Website(ASP.Net)\First_Website(ASP.Net).csproj", "{60E661C4-1EF0-4C8A-8139-1005C564A999}"
EndProject
Global
	GlobalSection(SolutionConfigurationPlatforms) = preSolution
		Debug|Any CPU = Debug|Any CPU
		Release|Any CPU = Release|Any CPU
	EndGlobalSection
	GlobalSection(ProjectConfigurationPlatforms) = postSolution
		{60E661C4-1EF0-4C8A-8139-1005C564A999}.Debug|Any CPU.ActiveCfg = Debug|Any CPU
		{60E661C4-1EF0-4C8A-8139-1005C564A999}.Debug|Any CPU.Build.0 = Debug|Any CPU
		{60E661C4-1EF0-4C8A-8139-1005C564A999}.Release|Any CPU.ActiveCfg = Release|Any CPU
		{60E661C4-1EF0-4C8A-8139-1005C564A999}.Release|Any CPU.Build.0 = Release|Any CPU
	EndGlobalSection
	GlobalSection(SolutionProperties) = preSolution
		HideSolutionNode = FALSE
	EndGlobalSection
	GlobalSection(ExtensibilityGlobals) = postSolution
		SolutionGuid = {7D19EE22-9549-48CA-BA20-5F313A3B3385}
	EndGlobalSection
EndGlobal
