
Microsoft Visual Studio Solution File, Format Version 12.00
# Visual Studio Version 17
VisualStudioVersion = 17.2.32630.192
MinimumVisualStudioVersion = 10.0.40219.1
Project("{FAE04EC0-301F-11D3-BF4B-00C04F79EFBC}") = "Function_1", "Function_1\Function_1.csproj", "{724283D3-F9E3-42D6-8A86-796DE3BD9334}"
EndProject
Global
	GlobalSection(SolutionConfigurationPlatforms) = preSolution
		Debug|Any CPU = Debug|Any CPU
		Release|Any CPU = Release|Any CPU
	EndGlobalSection
	GlobalSection(ProjectConfigurationPlatforms) = postSolution
		{724283D3-F9E3-42D6-8A86-796DE3BD9334}.Debug|Any CPU.ActiveCfg = Debug|Any CPU
		{724283D3-F9E3-42D6-8A86-796DE3BD9334}.Debug|Any CPU.Build.0 = Debug|Any CPU
		{724283D3-F9E3-42D6-8A86-796DE3BD9334}.Release|Any CPU.ActiveCfg = Release|Any CPU
		{724283D3-F9E3-42D6-8A86-796DE3BD9334}.Release|Any CPU.Build.0 = Release|Any CPU
	EndGlobalSection
	GlobalSection(SolutionProperties) = preSolution
		HideSolutionNode = FALSE
	EndGlobalSection
	GlobalSection(ExtensibilityGlobals) = postSolution
		SolutionGuid = {EE6FDEA3-2E72-44DC-A14B-D16DC01E4887}
	EndGlobalSection
EndGlobal
