
Microsoft Visual Studio Solution File, Format Version 12.00
# Visual Studio Version 17
VisualStudioVersion = 17.2.32630.192
MinimumVisualStudioVersion = 10.0.40219.1
Project("{FAE04EC0-301F-11D3-BF4B-00C04F79EFBC}") = "Program_if4", "Program_if4\Program_if4.csproj", "{E38E4494-20E3-407D-82A8-EFCB0365E303}"
EndProject
Global
	GlobalSection(SolutionConfigurationPlatforms) = preSolution
		Debug|Any CPU = Debug|Any CPU
		Release|Any CPU = Release|Any CPU
	EndGlobalSection
	GlobalSection(ProjectConfigurationPlatforms) = postSolution
		{E38E4494-20E3-407D-82A8-EFCB0365E303}.Debug|Any CPU.ActiveCfg = Debug|Any CPU
		{E38E4494-20E3-407D-82A8-EFCB0365E303}.Debug|Any CPU.Build.0 = Debug|Any CPU
		{E38E4494-20E3-407D-82A8-EFCB0365E303}.Release|Any CPU.ActiveCfg = Release|Any CPU
		{E38E4494-20E3-407D-82A8-EFCB0365E303}.Release|Any CPU.Build.0 = Release|Any CPU
	EndGlobalSection
	GlobalSection(SolutionProperties) = preSolution
		HideSolutionNode = FALSE
	EndGlobalSection
	GlobalSection(ExtensibilityGlobals) = postSolution
		SolutionGuid = {5187E682-394C-41E0-804F-CD74382D8301}
	EndGlobalSection
EndGlobal
