
Microsoft Visual Studio Solution File, Format Version 12.00
# Visual Studio Version 17
VisualStudioVersion = 17.2.32630.192
MinimumVisualStudioVersion = 10.0.40219.1
Project("{FAE04EC0-301F-11D3-BF4B-00C04F79EFBC}") = "Practice", "Practice\Practice.csproj", "{A25248F8-2B68-4871-AB42-0F1AF8B111DB}"
EndProject
Global
	GlobalSection(SolutionConfigurationPlatforms) = preSolution
		Debug|Any CPU = Debug|Any CPU
		Release|Any CPU = Release|Any CPU
	EndGlobalSection
	GlobalSection(ProjectConfigurationPlatforms) = postSolution
		{A25248F8-2B68-4871-AB42-0F1AF8B111DB}.Debug|Any CPU.ActiveCfg = Debug|Any CPU
		{A25248F8-2B68-4871-AB42-0F1AF8B111DB}.Debug|Any CPU.Build.0 = Debug|Any CPU
		{A25248F8-2B68-4871-AB42-0F1AF8B111DB}.Release|Any CPU.ActiveCfg = Release|Any CPU
		{A25248F8-2B68-4871-AB42-0F1AF8B111DB}.Release|Any CPU.Build.0 = Release|Any CPU
	EndGlobalSection
	GlobalSection(SolutionProperties) = preSolution
		HideSolutionNode = FALSE
	EndGlobalSection
	GlobalSection(ExtensibilityGlobals) = postSolution
		SolutionGuid = {13FBD06E-5ECA-4FB6-B0F7-6FEFC9E09B45}
	EndGlobalSection
EndGlobal
