
Microsoft Visual Studio Solution File, Format Version 12.00
# Visual Studio Version 17
VisualStudioVersion = 17.2.32630.192
MinimumVisualStudioVersion = 10.0.40219.1
Project("{FAE04EC0-301F-11D3-BF4B-00C04F79EFBC}") = "Arithmetic_assignment_operator", "Arithmetic_assignment_operator\Arithmetic_assignment_operator.csproj", "{BC2B37DF-D470-4938-BDA8-D654C2B808D0}"
EndProject
Global
	GlobalSection(SolutionConfigurationPlatforms) = preSolution
		Debug|Any CPU = Debug|Any CPU
		Release|Any CPU = Release|Any CPU
	EndGlobalSection
	GlobalSection(ProjectConfigurationPlatforms) = postSolution
		{BC2B37DF-D470-4938-BDA8-D654C2B808D0}.Debug|Any CPU.ActiveCfg = Debug|Any CPU
		{BC2B37DF-D470-4938-BDA8-D654C2B808D0}.Debug|Any CPU.Build.0 = Debug|Any CPU
		{BC2B37DF-D470-4938-BDA8-D654C2B808D0}.Release|Any CPU.ActiveCfg = Release|Any CPU
		{BC2B37DF-D470-4938-BDA8-D654C2B808D0}.Release|Any CPU.Build.0 = Release|Any CPU
	EndGlobalSection
	GlobalSection(SolutionProperties) = preSolution
		HideSolutionNode = FALSE
	EndGlobalSection
	GlobalSection(ExtensibilityGlobals) = postSolution
		SolutionGuid = {F53A52BE-F97F-4475-A7DA-CC3BA8FA5FD0}
	EndGlobalSection
EndGlobal
