
Microsoft Visual Studio Solution File, Format Version 12.00
# Visual Studio Version 17
VisualStudioVersion = 17.4.33205.214
MinimumVisualStudioVersion = 10.0.40219.1
Project("{FAE04EC0-301F-11D3-BF4B-00C04F79EFBC}") = "Input_Form", "Input_Form\Input_Form.csproj", "{8E53802E-049C-4EDE-B2C6-A1CC3180054D}"
EndProject
Global
	GlobalSection(SolutionConfigurationPlatforms) = preSolution
		Debug|Any CPU = Debug|Any CPU
		Release|Any CPU = Release|Any CPU
	EndGlobalSection
	GlobalSection(ProjectConfigurationPlatforms) = postSolution
		{8E53802E-049C-4EDE-B2C6-A1CC3180054D}.Debug|Any CPU.ActiveCfg = Debug|Any CPU
		{8E53802E-049C-4EDE-B2C6-A1CC3180054D}.Debug|Any CPU.Build.0 = Debug|Any CPU
		{8E53802E-049C-4EDE-B2C6-A1CC3180054D}.Release|Any CPU.ActiveCfg = Release|Any CPU
		{8E53802E-049C-4EDE-B2C6-A1CC3180054D}.Release|Any CPU.Build.0 = Release|Any CPU
	EndGlobalSection
	GlobalSection(SolutionProperties) = preSolution
		HideSolutionNode = FALSE
	EndGlobalSection
	GlobalSection(ExtensibilityGlobals) = postSolution
		SolutionGuid = {B691B88A-DFD1-4431-9B6D-4A778F3271B3}
	EndGlobalSection
EndGlobal
