
Microsoft Visual Studio Solution File, Format Version 12.00
# Visual Studio Version 17
VisualStudioVersion = 17.2.32630.192
MinimumVisualStudioVersion = 10.0.40219.1
Project("{FAE04EC0-301F-11D3-BF4B-00C04F79EFBC}") = "inverted_mirrored_right_triangle", "inverted_mirrored_right_triangle\inverted_mirrored_right_triangle.csproj", "{BC549B39-7CCD-4B3D-B642-D0CA1A43797B}"
EndProject
Global
	GlobalSection(SolutionConfigurationPlatforms) = preSolution
		Debug|Any CPU = Debug|Any CPU
		Release|Any CPU = Release|Any CPU
	EndGlobalSection
	GlobalSection(ProjectConfigurationPlatforms) = postSolution
		{BC549B39-7CCD-4B3D-B642-D0CA1A43797B}.Debug|Any CPU.ActiveCfg = Debug|Any CPU
		{BC549B39-7CCD-4B3D-B642-D0CA1A43797B}.Debug|Any CPU.Build.0 = Debug|Any CPU
		{BC549B39-7CCD-4B3D-B642-D0CA1A43797B}.Release|Any CPU.ActiveCfg = Release|Any CPU
		{BC549B39-7CCD-4B3D-B642-D0CA1A43797B}.Release|Any CPU.Build.0 = Release|Any CPU
	EndGlobalSection
	GlobalSection(SolutionProperties) = preSolution
		HideSolutionNode = FALSE
	EndGlobalSection
	GlobalSection(ExtensibilityGlobals) = postSolution
		SolutionGuid = {BB410493-05FD-44B1-9448-CA6BC34D9725}
	EndGlobalSection
EndGlobal
