
Microsoft Visual Studio Solution File, Format Version 12.00
# Visual Studio Version 17
VisualStudioVersion = 17.2.32630.192
MinimumVisualStudioVersion = 10.0.40219.1
Project("{FAE04EC0-301F-11D3-BF4B-00C04F79EFBC}") = "Plus_character_to_add_variable_to_another_variable", "Plus_character_to_add_variable_to_another_variable\Plus_character_to_add_variable_to_another_variable.csproj", "{39D3304D-D13F-489A-9A62-EFCA23CE2350}"
EndProject
Global
	GlobalSection(SolutionConfigurationPlatforms) = preSolution
		Debug|Any CPU = Debug|Any CPU
		Release|Any CPU = Release|Any CPU
	EndGlobalSection
	GlobalSection(ProjectConfigurationPlatforms) = postSolution
		{39D3304D-D13F-489A-9A62-EFCA23CE2350}.Debug|Any CPU.ActiveCfg = Debug|Any CPU
		{39D3304D-D13F-489A-9A62-EFCA23CE2350}.Debug|Any CPU.Build.0 = Debug|Any CPU
		{39D3304D-D13F-489A-9A62-EFCA23CE2350}.Release|Any CPU.ActiveCfg = Release|Any CPU
		{39D3304D-D13F-489A-9A62-EFCA23CE2350}.Release|Any CPU.Build.0 = Release|Any CPU
	EndGlobalSection
	GlobalSection(SolutionProperties) = preSolution
		HideSolutionNode = FALSE
	EndGlobalSection
	GlobalSection(ExtensibilityGlobals) = postSolution
		SolutionGuid = {4C80C3E9-2717-4C3E-B79E-7E926A20DF4B}
	EndGlobalSection
EndGlobal
