
Microsoft Visual Studio Solution File, Format Version 12.00
# Visual Studio Version 17
VisualStudioVersion = 17.2.32630.192
MinimumVisualStudioVersion = 10.0.40219.1
Project("{FAE04EC0-301F-11D3-BF4B-00C04F79EFBC}") = "Armstrong_while", "Armstrong_while\Armstrong_while.csproj", "{84B342CF-EA18-4AA2-9E8C-33D7CD297501}"
EndProject
Global
	GlobalSection(SolutionConfigurationPlatforms) = preSolution
		Debug|Any CPU = Debug|Any CPU
		Release|Any CPU = Release|Any CPU
	EndGlobalSection
	GlobalSection(ProjectConfigurationPlatforms) = postSolution
		{84B342CF-EA18-4AA2-9E8C-33D7CD297501}.Debug|Any CPU.ActiveCfg = Debug|Any CPU
		{84B342CF-EA18-4AA2-9E8C-33D7CD297501}.Debug|Any CPU.Build.0 = Debug|Any CPU
		{84B342CF-EA18-4AA2-9E8C-33D7CD297501}.Release|Any CPU.ActiveCfg = Release|Any CPU
		{84B342CF-EA18-4AA2-9E8C-33D7CD297501}.Release|Any CPU.Build.0 = Release|Any CPU
	EndGlobalSection
	GlobalSection(SolutionProperties) = preSolution
		HideSolutionNode = FALSE
	EndGlobalSection
	GlobalSection(ExtensibilityGlobals) = postSolution
		SolutionGuid = {00D6BADA-4870-457D-84F9-59F0C098F28D}
	EndGlobalSection
EndGlobal
