
Microsoft Visual Studio Solution File, Format Version 12.00
# Visual Studio Version 17
VisualStudioVersion = 17.2.32630.192
MinimumVisualStudioVersion = 10.0.40219.1
Project("{FAE04EC0-301F-11D3-BF4B-00C04F79EFBC}") = "Polymorphism_program", "Polymorphism_program\Polymorphism_program.csproj", "{2F1C8888-D396-442F-87D6-D9B61F95989E}"
EndProject
Global
	GlobalSection(SolutionConfigurationPlatforms) = preSolution
		Debug|Any CPU = Debug|Any CPU
		Release|Any CPU = Release|Any CPU
	EndGlobalSection
	GlobalSection(ProjectConfigurationPlatforms) = postSolution
		{2F1C8888-D396-442F-87D6-D9B61F95989E}.Debug|Any CPU.ActiveCfg = Debug|Any CPU
		{2F1C8888-D396-442F-87D6-D9B61F95989E}.Debug|Any CPU.Build.0 = Debug|Any CPU
		{2F1C8888-D396-442F-87D6-D9B61F95989E}.Release|Any CPU.ActiveCfg = Release|Any CPU
		{2F1C8888-D396-442F-87D6-D9B61F95989E}.Release|Any CPU.Build.0 = Release|Any CPU
	EndGlobalSection
	GlobalSection(SolutionProperties) = preSolution
		HideSolutionNode = FALSE
	EndGlobalSection
	GlobalSection(ExtensibilityGlobals) = postSolution
		SolutionGuid = {F8C6A76F-A165-47FC-B104-64C7E3456B9F}
	EndGlobalSection
EndGlobal
