
Microsoft Visual Studio Solution File, Format Version 12.00
# Visual Studio Version 17
VisualStudioVersion = 17.2.32630.192
MinimumVisualStudioVersion = 10.0.40219.1
Project("{FAE04EC0-301F-11D3-BF4B-00C04F79EFBC}") = "Program_neg_pos", "Program_neg_pos\Program_neg_pos.csproj", "{4F8FE403-3951-4514-96D0-2CFD4939AD3B}"
EndProject
Global
	GlobalSection(SolutionConfigurationPlatforms) = preSolution
		Debug|Any CPU = Debug|Any CPU
		Release|Any CPU = Release|Any CPU
	EndGlobalSection
	GlobalSection(ProjectConfigurationPlatforms) = postSolution
		{4F8FE403-3951-4514-96D0-2CFD4939AD3B}.Debug|Any CPU.ActiveCfg = Debug|Any CPU
		{4F8FE403-3951-4514-96D0-2CFD4939AD3B}.Debug|Any CPU.Build.0 = Debug|Any CPU
		{4F8FE403-3951-4514-96D0-2CFD4939AD3B}.Release|Any CPU.ActiveCfg = Release|Any CPU
		{4F8FE403-3951-4514-96D0-2CFD4939AD3B}.Release|Any CPU.Build.0 = Release|Any CPU
	EndGlobalSection
	GlobalSection(SolutionProperties) = preSolution
		HideSolutionNode = FALSE
	EndGlobalSection
	GlobalSection(ExtensibilityGlobals) = postSolution
		SolutionGuid = {DFC0EC84-25EB-4AEF-A8AA-70C7F15889C6}
	EndGlobalSection
EndGlobal
