
Microsoft Visual Studio Solution File, Format Version 12.00
# Visual Studio Version 17
VisualStudioVersion = 17.2.32630.192
MinimumVisualStudioVersion = 10.0.40219.1
Project("{FAE04EC0-301F-11D3-BF4B-00C04F79EFBC}") = "Exception_2", "Exception_2\Exception_2.csproj", "{AF242803-0AE4-4887-A759-B173178733A6}"
EndProject
Global
	GlobalSection(SolutionConfigurationPlatforms) = preSolution
		Debug|Any CPU = Debug|Any CPU
		Release|Any CPU = Release|Any CPU
	EndGlobalSection
	GlobalSection(ProjectConfigurationPlatforms) = postSolution
		{AF242803-0AE4-4887-A759-B173178733A6}.Debug|Any CPU.ActiveCfg = Debug|Any CPU
		{AF242803-0AE4-4887-A759-B173178733A6}.Debug|Any CPU.Build.0 = Debug|Any CPU
		{AF242803-0AE4-4887-A759-B173178733A6}.Release|Any CPU.ActiveCfg = Release|Any CPU
		{AF242803-0AE4-4887-A759-B173178733A6}.Release|Any CPU.Build.0 = Release|Any CPU
	EndGlobalSection
	GlobalSection(SolutionProperties) = preSolution
		HideSolutionNode = FALSE
	EndGlobalSection
	GlobalSection(ExtensibilityGlobals) = postSolution
		SolutionGuid = {C833BA94-ACFB-4D3A-A791-A290A5195A20}
	EndGlobalSection
EndGlobal
