
Microsoft Visual Studio Solution File, Format Version 12.00
# Visual Studio Version 17
VisualStudioVersion = 17.2.32630.192
MinimumVisualStudioVersion = 10.0.40219.1
Project("{FAE04EC0-301F-11D3-BF4B-00C04F79EFBC}") = "Inverted_right_triangle", "Inverted_right_triangle\Inverted_right_triangle.csproj", "{BD999E75-E263-49C3-9768-3CE14B6FAE97}"
EndProject
Global
	GlobalSection(SolutionConfigurationPlatforms) = preSolution
		Debug|Any CPU = Debug|Any CPU
		Release|Any CPU = Release|Any CPU
	EndGlobalSection
	GlobalSection(ProjectConfigurationPlatforms) = postSolution
		{BD999E75-E263-49C3-9768-3CE14B6FAE97}.Debug|Any CPU.ActiveCfg = Debug|Any CPU
		{BD999E75-E263-49C3-9768-3CE14B6FAE97}.Debug|Any CPU.Build.0 = Debug|Any CPU
		{BD999E75-E263-49C3-9768-3CE14B6FAE97}.Release|Any CPU.ActiveCfg = Release|Any CPU
		{BD999E75-E263-49C3-9768-3CE14B6FAE97}.Release|Any CPU.Build.0 = Release|Any CPU
	EndGlobalSection
	GlobalSection(SolutionProperties) = preSolution
		HideSolutionNode = FALSE
	EndGlobalSection
	GlobalSection(ExtensibilityGlobals) = postSolution
		SolutionGuid = {1C819F11-826D-4CE1-9E5C-25EECC14FCAB}
	EndGlobalSection
EndGlobal
