
Microsoft Visual Studio Solution File, Format Version 12.00
# Visual Studio Version 17
VisualStudioVersion = 17.2.32630.192
MinimumVisualStudioVersion = 10.0.40219.1
Project("{FAE04EC0-301F-11D3-BF4B-00C04F79EFBC}") = "Function_a_s_m_d_with_p_without_r", "Function_a_s_m_d_with_p_without_r\Function_a_s_m_d_with_p_without_r.csproj", "{EE25A636-B9AC-4EDE-8EFE-DC509DEF398E}"
EndProject
Global
	GlobalSection(SolutionConfigurationPlatforms) = preSolution
		Debug|Any CPU = Debug|Any CPU
		Release|Any CPU = Release|Any CPU
	EndGlobalSection
	GlobalSection(ProjectConfigurationPlatforms) = postSolution
		{EE25A636-B9AC-4EDE-8EFE-DC509DEF398E}.Debug|Any CPU.ActiveCfg = Debug|Any CPU
		{EE25A636-B9AC-4EDE-8EFE-DC509DEF398E}.Debug|Any CPU.Build.0 = Debug|Any CPU
		{EE25A636-B9AC-4EDE-8EFE-DC509DEF398E}.Release|Any CPU.ActiveCfg = Release|Any CPU
		{EE25A636-B9AC-4EDE-8EFE-DC509DEF398E}.Release|Any CPU.Build.0 = Release|Any CPU
	EndGlobalSection
	GlobalSection(SolutionProperties) = preSolution
		HideSolutionNode = FALSE
	EndGlobalSection
	GlobalSection(ExtensibilityGlobals) = postSolution
		SolutionGuid = {A42DAB11-2DA3-4908-B7DB-293CD54DF3FC}
	EndGlobalSection
EndGlobal
