
Microsoft Visual Studio Solution File, Format Version 12.00
# Visual Studio Version 17
VisualStudioVersion = 17.2.32630.192
MinimumVisualStudioVersion = 10.0.40219.1
Project("{FAE04EC0-301F-11D3-BF4B-00C04F79EFBC}") = "Array_program_3_loop_sum_array", "Array_program_3_loop_sum_array\Array_program_3_loop_sum_array.csproj", "{1E974273-7616-429E-A89B-0D5EFEE64C57}"
EndProject
Global
	GlobalSection(SolutionConfigurationPlatforms) = preSolution
		Debug|Any CPU = Debug|Any CPU
		Release|Any CPU = Release|Any CPU
	EndGlobalSection
	GlobalSection(ProjectConfigurationPlatforms) = postSolution
		{1E974273-7616-429E-A89B-0D5EFEE64C57}.Debug|Any CPU.ActiveCfg = Debug|Any CPU
		{1E974273-7616-429E-A89B-0D5EFEE64C57}.Debug|Any CPU.Build.0 = Debug|Any CPU
		{1E974273-7616-429E-A89B-0D5EFEE64C57}.Release|Any CPU.ActiveCfg = Release|Any CPU
		{1E974273-7616-429E-A89B-0D5EFEE64C57}.Release|Any CPU.Build.0 = Release|Any CPU
	EndGlobalSection
	GlobalSection(SolutionProperties) = preSolution
		HideSolutionNode = FALSE
	EndGlobalSection
	GlobalSection(ExtensibilityGlobals) = postSolution
		SolutionGuid = {F6CFF91D-F809-4595-9A58-B34BB8D68340}
	EndGlobalSection
EndGlobal
