
Microsoft Visual Studio Solution File, Format Version 12.00
# Visual Studio Version 17
VisualStudioVersion = 17.2.32630.192
MinimumVisualStudioVersion = 10.0.40219.1
Project("{FAE04EC0-301F-11D3-BF4B-00C04F79EFBC}") = "Exception_error", "Exception_error\Exception_error.csproj", "{6723D4D5-26EF-4F2D-BEFF-5B4DA63C3682}"
EndProject
Global
	GlobalSection(SolutionConfigurationPlatforms) = preSolution
		Debug|Any CPU = Debug|Any CPU
		Release|Any CPU = Release|Any CPU
	EndGlobalSection
	GlobalSection(ProjectConfigurationPlatforms) = postSolution
		{6723D4D5-26EF-4F2D-BEFF-5B4DA63C3682}.Debug|Any CPU.ActiveCfg = Debug|Any CPU
		{6723D4D5-26EF-4F2D-BEFF-5B4DA63C3682}.Debug|Any CPU.Build.0 = Debug|Any CPU
		{6723D4D5-26EF-4F2D-BEFF-5B4DA63C3682}.Release|Any CPU.ActiveCfg = Release|Any CPU
		{6723D4D5-26EF-4F2D-BEFF-5B4DA63C3682}.Release|Any CPU.Build.0 = Release|Any CPU
	EndGlobalSection
	GlobalSection(SolutionProperties) = preSolution
		HideSolutionNode = FALSE
	EndGlobalSection
	GlobalSection(ExtensibilityGlobals) = postSolution
		SolutionGuid = {F3C40010-272F-4485-BB66-AE4055BC2BDE}
	EndGlobalSection
EndGlobal
