
Microsoft Visual Studio Solution File, Format Version 12.00
# Visual Studio Version 17
VisualStudioVersion = 17.2.32630.192
MinimumVisualStudioVersion = 10.0.40219.1
Project("{FAE04EC0-301F-11D3-BF4B-00C04F79EFBC}") = "Program_loop_sixteen_while", "Program_loop_sixteen_while\Program_loop_sixteen_while.csproj", "{A06BBB90-CF82-4DE4-BDA3-9F34D6EC5D95}"
EndProject
Global
	GlobalSection(SolutionConfigurationPlatforms) = preSolution
		Debug|Any CPU = Debug|Any CPU
		Release|Any CPU = Release|Any CPU
	EndGlobalSection
	GlobalSection(ProjectConfigurationPlatforms) = postSolution
		{A06BBB90-CF82-4DE4-BDA3-9F34D6EC5D95}.Debug|Any CPU.ActiveCfg = Debug|Any CPU
		{A06BBB90-CF82-4DE4-BDA3-9F34D6EC5D95}.Debug|Any CPU.Build.0 = Debug|Any CPU
		{A06BBB90-CF82-4DE4-BDA3-9F34D6EC5D95}.Release|Any CPU.ActiveCfg = Release|Any CPU
		{A06BBB90-CF82-4DE4-BDA3-9F34D6EC5D95}.Release|Any CPU.Build.0 = Release|Any CPU
	EndGlobalSection
	GlobalSection(SolutionProperties) = preSolution
		HideSolutionNode = FALSE
	EndGlobalSection
	GlobalSection(ExtensibilityGlobals) = postSolution
		SolutionGuid = {83CFA543-37AA-44FC-8B24-7CEBEB8A9A39}
	EndGlobalSection
EndGlobal
