
Microsoft Visual Studio Solution File, Format Version 12.00
# Visual Studio Version 17
VisualStudioVersion = 17.2.32630.192
MinimumVisualStudioVersion = 10.0.40219.1
Project("{FAE04EC0-301F-11D3-BF4B-00C04F79EFBC}") = "Hollow_mirrored_right_triangle", "Hollow_mirrored_right_triangle\Hollow_mirrored_right_triangle.csproj", "{BAAFF127-6917-42F9-A7B0-BC9F6EBD2E6E}"
EndProject
Global
	GlobalSection(SolutionConfigurationPlatforms) = preSolution
		Debug|Any CPU = Debug|Any CPU
		Release|Any CPU = Release|Any CPU
	EndGlobalSection
	GlobalSection(ProjectConfigurationPlatforms) = postSolution
		{BAAFF127-6917-42F9-A7B0-BC9F6EBD2E6E}.Debug|Any CPU.ActiveCfg = Debug|Any CPU
		{BAAFF127-6917-42F9-A7B0-BC9F6EBD2E6E}.Debug|Any CPU.Build.0 = Debug|Any CPU
		{BAAFF127-6917-42F9-A7B0-BC9F6EBD2E6E}.Release|Any CPU.ActiveCfg = Release|Any CPU
		{BAAFF127-6917-42F9-A7B0-BC9F6EBD2E6E}.Release|Any CPU.Build.0 = Release|Any CPU
	EndGlobalSection
	GlobalSection(SolutionProperties) = preSolution
		HideSolutionNode = FALSE
	EndGlobalSection
	GlobalSection(ExtensibilityGlobals) = postSolution
		SolutionGuid = {2DBD67C4-53E5-4010-942E-8F80E3A4B865}
	EndGlobalSection
EndGlobal
