
Microsoft Visual Studio Solution File, Format Version 12.00
# Visual Studio Version 17
VisualStudioVersion = 17.2.32630.192
MinimumVisualStudioVersion = 10.0.40219.1
Project("{FAE04EC0-301F-11D3-BF4B-00C04F79EFBC}") = "Function_a_s_m_d_without_p_with_return", "Function_a_s_m_d_without_p_with_return\Function_a_s_m_d_without_p_with_return.csproj", "{EFA1720E-E142-4995-A153-4CCEF7CB0D90}"
EndProject
Global
	GlobalSection(SolutionConfigurationPlatforms) = preSolution
		Debug|Any CPU = Debug|Any CPU
		Release|Any CPU = Release|Any CPU
	EndGlobalSection
	GlobalSection(ProjectConfigurationPlatforms) = postSolution
		{EFA1720E-E142-4995-A153-4CCEF7CB0D90}.Debug|Any CPU.ActiveCfg = Debug|Any CPU
		{EFA1720E-E142-4995-A153-4CCEF7CB0D90}.Debug|Any CPU.Build.0 = Debug|Any CPU
		{EFA1720E-E142-4995-A153-4CCEF7CB0D90}.Release|Any CPU.ActiveCfg = Release|Any CPU
		{EFA1720E-E142-4995-A153-4CCEF7CB0D90}.Release|Any CPU.Build.0 = Release|Any CPU
	EndGlobalSection
	GlobalSection(SolutionProperties) = preSolution
		HideSolutionNode = FALSE
	EndGlobalSection
	GlobalSection(ExtensibilityGlobals) = postSolution
		SolutionGuid = {0CF22459-0449-4DA4-9A16-2D083E70CA08}
	EndGlobalSection
EndGlobal
