
Microsoft Visual Studio Solution File, Format Version 12.00
# Visual Studio Version 17
VisualStudioVersion = 17.2.32630.192
MinimumVisualStudioVersion = 10.0.40219.1
Project("{FAE04EC0-301F-11D3-BF4B-00C04F79EFBC}") = "Program_loop_three_for", "Program_loop_three_for\Program_loop_three_for.csproj", "{2790A593-BBB5-470B-8465-A96B85998261}"
EndProject
Global
	GlobalSection(SolutionConfigurationPlatforms) = preSolution
		Debug|Any CPU = Debug|Any CPU
		Release|Any CPU = Release|Any CPU
	EndGlobalSection
	GlobalSection(ProjectConfigurationPlatforms) = postSolution
		{2790A593-BBB5-470B-8465-A96B85998261}.Debug|Any CPU.ActiveCfg = Debug|Any CPU
		{2790A593-BBB5-470B-8465-A96B85998261}.Debug|Any CPU.Build.0 = Debug|Any CPU
		{2790A593-BBB5-470B-8465-A96B85998261}.Release|Any CPU.ActiveCfg = Release|Any CPU
		{2790A593-BBB5-470B-8465-A96B85998261}.Release|Any CPU.Build.0 = Release|Any CPU
	EndGlobalSection
	GlobalSection(SolutionProperties) = preSolution
		HideSolutionNode = FALSE
	EndGlobalSection
	GlobalSection(ExtensibilityGlobals) = postSolution
		SolutionGuid = {F19E7C7E-5441-4171-AB4E-3E817D8A0977}
	EndGlobalSection
EndGlobal
