
Microsoft Visual Studio Solution File, Format Version 12.00
# Visual Studio Version 17
VisualStudioVersion = 17.4.33205.214
MinimumVisualStudioVersion = 10.0.40219.1
Project("{FAE04EC0-301F-11D3-BF4B-00C04F79EFBC}") = "Program_Three_ASP.NET", "Program_Three_ASP.NET\Program_Three_ASP.NET.csproj", "{30732D71-D80C-46DA-B462-5E3062B45DE7}"
EndProject
Global
	GlobalSection(SolutionConfigurationPlatforms) = preSolution
		Debug|Any CPU = Debug|Any CPU
		Release|Any CPU = Release|Any CPU
	EndGlobalSection
	GlobalSection(ProjectConfigurationPlatforms) = postSolution
		{30732D71-D80C-46DA-B462-5E3062B45DE7}.Debug|Any CPU.ActiveCfg = Debug|Any CPU
		{30732D71-D80C-46DA-B462-5E3062B45DE7}.Debug|Any CPU.Build.0 = Debug|Any CPU
		{30732D71-D80C-46DA-B462-5E3062B45DE7}.Release|Any CPU.ActiveCfg = Release|Any CPU
		{30732D71-D80C-46DA-B462-5E3062B45DE7}.Release|Any CPU.Build.0 = Release|Any CPU
	EndGlobalSection
	GlobalSection(SolutionProperties) = preSolution
		HideSolutionNode = FALSE
	EndGlobalSection
	GlobalSection(ExtensibilityGlobals) = postSolution
		SolutionGuid = {14D77457-787C-49A1-B020-F01E516C598D}
	EndGlobalSection
EndGlobal
