
Microsoft Visual Studio Solution File, Format Version 12.00
# Visual Studio Version 17
VisualStudioVersion = 17.2.32630.192
MinimumVisualStudioVersion = 10.0.40219.1
Project("{FAE04EC0-301F-11D3-BF4B-00C04F79EFBC}") = "Unary_pre_increment", "Unary_pre_increment\Unary_pre_increment.csproj", "{831242F0-19A9-43E8-AF22-EA8D9087CFBE}"
EndProject
Global
	GlobalSection(SolutionConfigurationPlatforms) = preSolution
		Debug|Any CPU = Debug|Any CPU
		Release|Any CPU = Release|Any CPU
	EndGlobalSection
	GlobalSection(ProjectConfigurationPlatforms) = postSolution
		{831242F0-19A9-43E8-AF22-EA8D9087CFBE}.Debug|Any CPU.ActiveCfg = Debug|Any CPU
		{831242F0-19A9-43E8-AF22-EA8D9087CFBE}.Debug|Any CPU.Build.0 = Debug|Any CPU
		{831242F0-19A9-43E8-AF22-EA8D9087CFBE}.Release|Any CPU.ActiveCfg = Release|Any CPU
		{831242F0-19A9-43E8-AF22-EA8D9087CFBE}.Release|Any CPU.Build.0 = Release|Any CPU
	EndGlobalSection
	GlobalSection(SolutionProperties) = preSolution
		HideSolutionNode = FALSE
	EndGlobalSection
	GlobalSection(ExtensibilityGlobals) = postSolution
		SolutionGuid = {053EFDC7-BF4B-4FD2-83B6-3A8295A41A15}
	EndGlobalSection
EndGlobal
