
Microsoft Visual Studio Solution File, Format Version 12.00
# Visual Studio Version 17
VisualStudioVersion = 17.4.33205.214
MinimumVisualStudioVersion = 10.0.40219.1
Project("{E24C65DC-7377-472B-9ABA-BC803B73C61A}") = "Program2_ASP", "Program2_ASP\", "{18198FFD-805E-442C-8854-99A8B345C139}"
	ProjectSection(WebsiteProperties) = preProject
		TargetFrameworkMoniker = ".NETFramework,Version%3Dv4.7.2"
		Debug.AspNetCompiler.VirtualPath = "/localhost_53074"
		Debug.AspNetCompiler.PhysicalPath = "Program2_ASP\"
		Debug.AspNetCompiler.TargetPath = "PrecompiledWeb\localhost_53074\"
		Debug.AspNetCompiler.Updateable = "true"
		Debug.AspNetCompiler.ForceOverwrite = "true"
		Debug.AspNetCompiler.FixedNames = "false"
		Debug.AspNetCompiler.Debug = "True"
		Release.AspNetCompiler.VirtualPath = "/localhost_53074"
		Release.AspNetCompiler.PhysicalPath = "Program2_ASP\"
		Release.AspNetCompiler.TargetPath = "PrecompiledWeb\localhost_53074\"
		Release.AspNetCompiler.Updateable = "true"
		Release.AspNetCompiler.ForceOverwrite = "true"
		Release.AspNetCompiler.FixedNames = "false"
		Release.AspNetCompiler.Debug = "False"
		VWDPort = "53074"
		SlnRelativePath = "Program2_ASP\"
		DefaultWebSiteLanguage = "Visual C#"
	EndProjectSection
EndProject
Global
	GlobalSection(SolutionConfigurationPlatforms) = preSolution
		Debug|Any CPU = Debug|Any CPU
	EndGlobalSection
	GlobalSection(ProjectConfigurationPlatforms) = postSolution
		{18198FFD-805E-442C-8854-99A8B345C139}.Debug|Any CPU.ActiveCfg = Debug|Any CPU
		{18198FFD-805E-442C-8854-99A8B345C139}.Debug|Any CPU.Build.0 = Debug|Any CPU
	EndGlobalSection
	GlobalSection(SolutionProperties) = preSolution
		HideSolutionNode = FALSE
	EndGlobalSection
	GlobalSection(ExtensibilityGlobals) = postSolution
		SolutionGuid = {7F3758E2-0053-4872-8643-8028BB88DF25}
	EndGlobalSection
EndGlobal
