
Microsoft Visual Studio Solution File, Format Version 12.00
# Visual Studio Version 17
VisualStudioVersion = 17.2.32630.192
MinimumVisualStudioVersion = 10.0.40219.1
Project("{FAE04EC0-301F-11D3-BF4B-00C04F79EFBC}") = "Aggregation", "Aggregation\Aggregation.csproj", "{A5E8DA63-E5FA-44A4-870F-3F8FB261EFFF}"
EndProject
Global
	GlobalSection(SolutionConfigurationPlatforms) = preSolution
		Debug|Any CPU = Debug|Any CPU
		Release|Any CPU = Release|Any CPU
	EndGlobalSection
	GlobalSection(ProjectConfigurationPlatforms) = postSolution
		{A5E8DA63-E5FA-44A4-870F-3F8FB261EFFF}.Debug|Any CPU.ActiveCfg = Debug|Any CPU
		{A5E8DA63-E5FA-44A4-870F-3F8FB261EFFF}.Debug|Any CPU.Build.0 = Debug|Any CPU
		{A5E8DA63-E5FA-44A4-870F-3F8FB261EFFF}.Release|Any CPU.ActiveCfg = Release|Any CPU
		{A5E8DA63-E5FA-44A4-870F-3F8FB261EFFF}.Release|Any CPU.Build.0 = Release|Any CPU
	EndGlobalSection
	GlobalSection(SolutionProperties) = preSolution
		HideSolutionNode = FALSE
	EndGlobalSection
	GlobalSection(ExtensibilityGlobals) = postSolution
		SolutionGuid = {42C04E34-DC6B-4D05-AD82-211F4DA1AC49}
	EndGlobalSection
EndGlobal
