
Microsoft Visual Studio Solution File, Format Version 12.00
# Visual Studio Version 17
VisualStudioVersion = 17.2.32630.192
MinimumVisualStudioVersion = 10.0.40219.1
Project("{FAE04EC0-301F-11D3-BF4B-00C04F79EFBC}") = "Program_loop_20_do", "Program_loop_20_do\Program_loop_20_do.csproj", "{8582900C-E9DF-4011-85D1-7BEC9F2208DC}"
EndProject
Global
	GlobalSection(SolutionConfigurationPlatforms) = preSolution
		Debug|Any CPU = Debug|Any CPU
		Release|Any CPU = Release|Any CPU
	EndGlobalSection
	GlobalSection(ProjectConfigurationPlatforms) = postSolution
		{8582900C-E9DF-4011-85D1-7BEC9F2208DC}.Debug|Any CPU.ActiveCfg = Debug|Any CPU
		{8582900C-E9DF-4011-85D1-7BEC9F2208DC}.Debug|Any CPU.Build.0 = Debug|Any CPU
		{8582900C-E9DF-4011-85D1-7BEC9F2208DC}.Release|Any CPU.ActiveCfg = Release|Any CPU
		{8582900C-E9DF-4011-85D1-7BEC9F2208DC}.Release|Any CPU.Build.0 = Release|Any CPU
	EndGlobalSection
	GlobalSection(SolutionProperties) = preSolution
		HideSolutionNode = FALSE
	EndGlobalSection
	GlobalSection(ExtensibilityGlobals) = postSolution
		SolutionGuid = {E6937CB3-D87E-4BBD-9AAE-A9686200CCCC}
	EndGlobalSection
EndGlobal
