
Microsoft Visual Studio Solution File, Format Version 12.00
# Visual Studio Version 17
VisualStudioVersion = 17.2.32630.192
MinimumVisualStudioVersion = 10.0.40219.1
Project("{FAE04EC0-301F-11D3-BF4B-00C04F79EFBC}") = "Sql_connection_four", "Sql_connection_four\Sql_connection_four.csproj", "{9FCFDE76-D3C3-49A7-B44D-7E175F6EC54E}"
EndProject
Global
	GlobalSection(SolutionConfigurationPlatforms) = preSolution
		Debug|Any CPU = Debug|Any CPU
		Release|Any CPU = Release|Any CPU
	EndGlobalSection
	GlobalSection(ProjectConfigurationPlatforms) = postSolution
		{9FCFDE76-D3C3-49A7-B44D-7E175F6EC54E}.Debug|Any CPU.ActiveCfg = Debug|Any CPU
		{9FCFDE76-D3C3-49A7-B44D-7E175F6EC54E}.Debug|Any CPU.Build.0 = Debug|Any CPU
		{9FCFDE76-D3C3-49A7-B44D-7E175F6EC54E}.Release|Any CPU.ActiveCfg = Release|Any CPU
		{9FCFDE76-D3C3-49A7-B44D-7E175F6EC54E}.Release|Any CPU.Build.0 = Release|Any CPU
	EndGlobalSection
	GlobalSection(SolutionProperties) = preSolution
		HideSolutionNode = FALSE
	EndGlobalSection
	GlobalSection(ExtensibilityGlobals) = postSolution
		SolutionGuid = {EDC79EB0-A2D3-4BAA-A609-6E4ADD87D8B9}
	EndGlobalSection
EndGlobal
