
Microsoft Visual Studio Solution File, Format Version 12.00
# Visual Studio Version 17
VisualStudioVersion = 17.2.32630.192
MinimumVisualStudioVersion = 10.0.40219.1
Project("{FAE04EC0-301F-11D3-BF4B-00C04F79EFBC}") = "Sql_connection_three", "Sql_connection_three\Sql_connection_three.csproj", "{D3BCFBBA-22B5-44DB-8D31-0B2BEFF8E415}"
EndProject
Global
	GlobalSection(SolutionConfigurationPlatforms) = preSolution
		Debug|Any CPU = Debug|Any CPU
		Release|Any CPU = Release|Any CPU
	EndGlobalSection
	GlobalSection(ProjectConfigurationPlatforms) = postSolution
		{D3BCFBBA-22B5-44DB-8D31-0B2BEFF8E415}.Debug|Any CPU.ActiveCfg = Debug|Any CPU
		{D3BCFBBA-22B5-44DB-8D31-0B2BEFF8E415}.Debug|Any CPU.Build.0 = Debug|Any CPU
		{D3BCFBBA-22B5-44DB-8D31-0B2BEFF8E415}.Release|Any CPU.ActiveCfg = Release|Any CPU
		{D3BCFBBA-22B5-44DB-8D31-0B2BEFF8E415}.Release|Any CPU.Build.0 = Release|Any CPU
	EndGlobalSection
	GlobalSection(SolutionProperties) = preSolution
		HideSolutionNode = FALSE
	EndGlobalSection
	GlobalSection(ExtensibilityGlobals) = postSolution
		SolutionGuid = {D3DD99AE-A554-41FF-B41E-0F910F739A3C}
	EndGlobalSection
EndGlobal
