
Microsoft Visual Studio Solution File, Format Version 12.00
# Visual Studio Version 17
VisualStudioVersion = 17.2.32630.192
MinimumVisualStudioVersion = 10.0.40219.1
Project("{FAE04EC0-301F-11D3-BF4B-00C04F79EFBC}") = "Mirrored_right_triangle", "Mirrored_right_triangle\Mirrored_right_triangle.csproj", "{565EF278-FC43-42E8-AC54-33D38DF78F3A}"
EndProject
Global
	GlobalSection(SolutionConfigurationPlatforms) = preSolution
		Debug|Any CPU = Debug|Any CPU
		Release|Any CPU = Release|Any CPU
	EndGlobalSection
	GlobalSection(ProjectConfigurationPlatforms) = postSolution
		{565EF278-FC43-42E8-AC54-33D38DF78F3A}.Debug|Any CPU.ActiveCfg = Debug|Any CPU
		{565EF278-FC43-42E8-AC54-33D38DF78F3A}.Debug|Any CPU.Build.0 = Debug|Any CPU
		{565EF278-FC43-42E8-AC54-33D38DF78F3A}.Release|Any CPU.ActiveCfg = Release|Any CPU
		{565EF278-FC43-42E8-AC54-33D38DF78F3A}.Release|Any CPU.Build.0 = Release|Any CPU
	EndGlobalSection
	GlobalSection(SolutionProperties) = preSolution
		HideSolutionNode = FALSE
	EndGlobalSection
	GlobalSection(ExtensibilityGlobals) = postSolution
		SolutionGuid = {CC9CD817-D971-46FC-9DE6-D081BDEEA20D}
	EndGlobalSection
EndGlobal
