
Microsoft Visual Studio Solution File, Format Version 12.00
# Visual Studio Version 17
VisualStudioVersion = 17.2.32630.192
MinimumVisualStudioVersion = 10.0.40219.1
Project("{FAE04EC0-301F-11D3-BF4B-00C04F79EFBC}") = "Array_program_2_loop", "Array_program_2_loop\Array_program_2_loop.csproj", "{4E85408C-B26A-4ADE-B89D-0976DF04CD16}"
EndProject
Global
	GlobalSection(SolutionConfigurationPlatforms) = preSolution
		Debug|Any CPU = Debug|Any CPU
		Release|Any CPU = Release|Any CPU
	EndGlobalSection
	GlobalSection(ProjectConfigurationPlatforms) = postSolution
		{4E85408C-B26A-4ADE-B89D-0976DF04CD16}.Debug|Any CPU.ActiveCfg = Debug|Any CPU
		{4E85408C-B26A-4ADE-B89D-0976DF04CD16}.Debug|Any CPU.Build.0 = Debug|Any CPU
		{4E85408C-B26A-4ADE-B89D-0976DF04CD16}.Release|Any CPU.ActiveCfg = Release|Any CPU
		{4E85408C-B26A-4ADE-B89D-0976DF04CD16}.Release|Any CPU.Build.0 = Release|Any CPU
	EndGlobalSection
	GlobalSection(SolutionProperties) = preSolution
		HideSolutionNode = FALSE
	EndGlobalSection
	GlobalSection(ExtensibilityGlobals) = postSolution
		SolutionGuid = {78DCB547-257D-4833-A73E-57695BD66F73}
	EndGlobalSection
EndGlobal
