
Microsoft Visual Studio Solution File, Format Version 12.00
# Visual Studio Version 17
VisualStudioVersion = 17.2.32630.192
MinimumVisualStudioVersion = 10.0.40219.1
Project("{FAE04EC0-301F-11D3-BF4B-00C04F79EFBC}") = "Program_31_loop_for_", "Program_31_loop_for_\Program_31_loop_for_.csproj", "{56D5EC62-F257-4660-B1B0-5869F039D258}"
EndProject
Global
	GlobalSection(SolutionConfigurationPlatforms) = preSolution
		Debug|Any CPU = Debug|Any CPU
		Release|Any CPU = Release|Any CPU
	EndGlobalSection
	GlobalSection(ProjectConfigurationPlatforms) = postSolution
		{56D5EC62-F257-4660-B1B0-5869F039D258}.Debug|Any CPU.ActiveCfg = Debug|Any CPU
		{56D5EC62-F257-4660-B1B0-5869F039D258}.Debug|Any CPU.Build.0 = Debug|Any CPU
		{56D5EC62-F257-4660-B1B0-5869F039D258}.Release|Any CPU.ActiveCfg = Release|Any CPU
		{56D5EC62-F257-4660-B1B0-5869F039D258}.Release|Any CPU.Build.0 = Release|Any CPU
	EndGlobalSection
	GlobalSection(SolutionProperties) = preSolution
		HideSolutionNode = FALSE
	EndGlobalSection
	GlobalSection(ExtensibilityGlobals) = postSolution
		SolutionGuid = {620BD403-6BDF-4E94-AEDE-2A6EEF4F1076}
	EndGlobalSection
EndGlobal
