
Microsoft Visual Studio Solution File, Format Version 12.00
# Visual Studio Version 17
VisualStudioVersion = 17.2.32630.192
MinimumVisualStudioVersion = 10.0.40219.1
Project("{FAE04EC0-301F-11D3-BF4B-00C04F79EFBC}") = "Practice_4_11_22", "Practice_4_11_22\Practice_4_11_22.csproj", "{C12EF8A1-A977-4A37-BAED-DF78AC7ED805}"
EndProject
Global
	GlobalSection(SolutionConfigurationPlatforms) = preSolution
		Debug|Any CPU = Debug|Any CPU
		Release|Any CPU = Release|Any CPU
	EndGlobalSection
	GlobalSection(ProjectConfigurationPlatforms) = postSolution
		{C12EF8A1-A977-4A37-BAED-DF78AC7ED805}.Debug|Any CPU.ActiveCfg = Debug|Any CPU
		{C12EF8A1-A977-4A37-BAED-DF78AC7ED805}.Debug|Any CPU.Build.0 = Debug|Any CPU
		{C12EF8A1-A977-4A37-BAED-DF78AC7ED805}.Release|Any CPU.ActiveCfg = Release|Any CPU
		{C12EF8A1-A977-4A37-BAED-DF78AC7ED805}.Release|Any CPU.Build.0 = Release|Any CPU
	EndGlobalSection
	GlobalSection(SolutionProperties) = preSolution
		HideSolutionNode = FALSE
	EndGlobalSection
	GlobalSection(ExtensibilityGlobals) = postSolution
		SolutionGuid = {B7931A68-777C-4D9F-9FD4-743FFC646C40}
	EndGlobalSection
EndGlobal
