
Microsoft Visual Studio Solution File, Format Version 12.00
# Visual Studio Version 17
VisualStudioVersion = 17.2.32630.192
MinimumVisualStudioVersion = 10.0.40219.1
Project("{FAE04EC0-301F-11D3-BF4B-00C04F79EFBC}") = "Long_data_type", "Long_data_type\Long_data_type.csproj", "{D6B3C9D8-B104-40F0-804D-5E14C9D0485E}"
EndProject
Global
	GlobalSection(SolutionConfigurationPlatforms) = preSolution
		Debug|Any CPU = Debug|Any CPU
		Release|Any CPU = Release|Any CPU
	EndGlobalSection
	GlobalSection(ProjectConfigurationPlatforms) = postSolution
		{D6B3C9D8-B104-40F0-804D-5E14C9D0485E}.Debug|Any CPU.ActiveCfg = Debug|Any CPU
		{D6B3C9D8-B104-40F0-804D-5E14C9D0485E}.Debug|Any CPU.Build.0 = Debug|Any CPU
		{D6B3C9D8-B104-40F0-804D-5E14C9D0485E}.Release|Any CPU.ActiveCfg = Release|Any CPU
		{D6B3C9D8-B104-40F0-804D-5E14C9D0485E}.Release|Any CPU.Build.0 = Release|Any CPU
	EndGlobalSection
	GlobalSection(SolutionProperties) = preSolution
		HideSolutionNode = FALSE
	EndGlobalSection
	GlobalSection(ExtensibilityGlobals) = postSolution
		SolutionGuid = {2CEA4164-BEB0-47F8-8693-72E129052D9A}
	EndGlobalSection
EndGlobal
