
Microsoft Visual Studio Solution File, Format Version 12.00
# Visual Studio Version 17
VisualStudioVersion = 17.2.32630.192
MinimumVisualStudioVersion = 10.0.40219.1
Project("{FAE04EC0-301F-11D3-BF4B-00C04F79EFBC}") = "Boolean_data_type", "Boolean_data_type\Boolean_data_type.csproj", "{4BCD8BD4-4359-4CB6-A151-ED2BD34F8D0B}"
EndProject
Global
	GlobalSection(SolutionConfigurationPlatforms) = preSolution
		Debug|Any CPU = Debug|Any CPU
		Release|Any CPU = Release|Any CPU
	EndGlobalSection
	GlobalSection(ProjectConfigurationPlatforms) = postSolution
		{4BCD8BD4-4359-4CB6-A151-ED2BD34F8D0B}.Debug|Any CPU.ActiveCfg = Debug|Any CPU
		{4BCD8BD4-4359-4CB6-A151-ED2BD34F8D0B}.Debug|Any CPU.Build.0 = Debug|Any CPU
		{4BCD8BD4-4359-4CB6-A151-ED2BD34F8D0B}.Release|Any CPU.ActiveCfg = Release|Any CPU
		{4BCD8BD4-4359-4CB6-A151-ED2BD34F8D0B}.Release|Any CPU.Build.0 = Release|Any CPU
	EndGlobalSection
	GlobalSection(SolutionProperties) = preSolution
		HideSolutionNode = FALSE
	EndGlobalSection
	GlobalSection(ExtensibilityGlobals) = postSolution
		SolutionGuid = {6E62B4DD-9825-4637-92CA-B8C4DECE5C2E}
	EndGlobalSection
EndGlobal
