
Microsoft Visual Studio Solution File, Format Version 12.00
# Visual Studio Version 17
VisualStudioVersion = 17.4.33205.214
MinimumVisualStudioVersion = 10.0.40219.1
Project("{E24C65DC-7377-472B-9ABA-BC803B73C61A}") = "Program3_ASP", "Program3_ASP\", "{3EA92E61-9B55-4E51-834A-980AB2F1880A}"
	ProjectSection(WebsiteProperties) = preProject
		TargetFrameworkMoniker = ".NETFramework,Version%3Dv4.7.2"
		Debug.AspNetCompiler.VirtualPath = "/localhost_54341"
		Debug.AspNetCompiler.PhysicalPath = "Program3_ASP\"
		Debug.AspNetCompiler.TargetPath = "PrecompiledWeb\localhost_54341\"
		Debug.AspNetCompiler.Updateable = "true"
		Debug.AspNetCompiler.ForceOverwrite = "true"
		Debug.AspNetCompiler.FixedNames = "false"
		Debug.AspNetCompiler.Debug = "True"
		Release.AspNetCompiler.VirtualPath = "/localhost_54341"
		Release.AspNetCompiler.PhysicalPath = "Program3_ASP\"
		Release.AspNetCompiler.TargetPath = "PrecompiledWeb\localhost_54341\"
		Release.AspNetCompiler.Updateable = "true"
		Release.AspNetCompiler.ForceOverwrite = "true"
		Release.AspNetCompiler.FixedNames = "false"
		Release.AspNetCompiler.Debug = "False"
		VWDPort = "54341"
		SlnRelativePath = "Program3_ASP\"
		DefaultWebSiteLanguage = "Visual C#"
	EndProjectSection
EndProject
Global
	GlobalSection(SolutionConfigurationPlatforms) = preSolution
		Debug|Any CPU = Debug|Any CPU
	EndGlobalSection
	GlobalSection(ProjectConfigurationPlatforms) = postSolution
		{3EA92E61-9B55-4E51-834A-980AB2F1880A}.Debug|Any CPU.ActiveCfg = Debug|Any CPU
		{3EA92E61-9B55-4E51-834A-980AB2F1880A}.Debug|Any CPU.Build.0 = Debug|Any CPU
	EndGlobalSection
	GlobalSection(SolutionProperties) = preSolution
		HideSolutionNode = FALSE
	EndGlobalSection
	GlobalSection(ExtensibilityGlobals) = postSolution
		SolutionGuid = {598C929E-2F66-47D4-8042-0F1A2A385BC0}
	EndGlobalSection
EndGlobal
