
Microsoft Visual Studio Solution File, Format Version 12.00
# Visual Studio Version 17
VisualStudioVersion = 17.2.32630.192
MinimumVisualStudioVersion = 10.0.40219.1
Project("{FAE04EC0-301F-11D3-BF4B-00C04F79EFBC}") = "Program_twelve_loop_do", "Program_twelve_loop_do\Program_twelve_loop_do.csproj", "{223204DB-F20F-4FAD-A04D-1F0E626CF642}"
EndProject
Global
	GlobalSection(SolutionConfigurationPlatforms) = preSolution
		Debug|Any CPU = Debug|Any CPU
		Release|Any CPU = Release|Any CPU
	EndGlobalSection
	GlobalSection(ProjectConfigurationPlatforms) = postSolution
		{223204DB-F20F-4FAD-A04D-1F0E626CF642}.Debug|Any CPU.ActiveCfg = Debug|Any CPU
		{223204DB-F20F-4FAD-A04D-1F0E626CF642}.Debug|Any CPU.Build.0 = Debug|Any CPU
		{223204DB-F20F-4FAD-A04D-1F0E626CF642}.Release|Any CPU.ActiveCfg = Release|Any CPU
		{223204DB-F20F-4FAD-A04D-1F0E626CF642}.Release|Any CPU.Build.0 = Release|Any CPU
	EndGlobalSection
	GlobalSection(SolutionProperties) = preSolution
		HideSolutionNode = FALSE
	EndGlobalSection
	GlobalSection(ExtensibilityGlobals) = postSolution
		SolutionGuid = {3D8A5143-DF6F-40AF-8B98-989D5DA033FF}
	EndGlobalSection
EndGlobal
