
Microsoft Visual Studio Solution File, Format Version 12.00
# Visual Studio Version 17
VisualStudioVersion = 17.2.32630.192
MinimumVisualStudioVersion = 10.0.40219.1
Project("{FAE04EC0-301F-11D3-BF4B-00C04F79EFBC}") = "Multithreading_Application_One", "Multithreading_Application_One\Multithreading_Application_One.csproj", "{8A0C4F31-A8F9-4AAB-AB57-5842C60CA6D6}"
EndProject
Global
	GlobalSection(SolutionConfigurationPlatforms) = preSolution
		Debug|Any CPU = Debug|Any CPU
		Release|Any CPU = Release|Any CPU
	EndGlobalSection
	GlobalSection(ProjectConfigurationPlatforms) = postSolution
		{8A0C4F31-A8F9-4AAB-AB57-5842C60CA6D6}.Debug|Any CPU.ActiveCfg = Debug|Any CPU
		{8A0C4F31-A8F9-4AAB-AB57-5842C60CA6D6}.Debug|Any CPU.Build.0 = Debug|Any CPU
		{8A0C4F31-A8F9-4AAB-AB57-5842C60CA6D6}.Release|Any CPU.ActiveCfg = Release|Any CPU
		{8A0C4F31-A8F9-4AAB-AB57-5842C60CA6D6}.Release|Any CPU.Build.0 = Release|Any CPU
	EndGlobalSection
	GlobalSection(SolutionProperties) = preSolution
		HideSolutionNode = FALSE
	EndGlobalSection
	GlobalSection(ExtensibilityGlobals) = postSolution
		SolutionGuid = {5DE38C94-6B46-4394-AF34-D0CEE583ABFC}
	EndGlobalSection
EndGlobal
