
Microsoft Visual Studio Solution File, Format Version 12.00
# Visual Studio Version 17
VisualStudioVersion = 17.2.32630.192
MinimumVisualStudioVersion = 10.0.40219.1
Project("{FAE04EC0-301F-11D3-BF4B-00C04F79EFBC}") = "Oops_Abstract_class", "Oops_Abstract_class\Oops_Abstract_class.csproj", "{C49E0B66-46D8-4595-BBE5-CCA35A137AEB}"
EndProject
Global
	GlobalSection(SolutionConfigurationPlatforms) = preSolution
		Debug|Any CPU = Debug|Any CPU
		Release|Any CPU = Release|Any CPU
	EndGlobalSection
	GlobalSection(ProjectConfigurationPlatforms) = postSolution
		{C49E0B66-46D8-4595-BBE5-CCA35A137AEB}.Debug|Any CPU.ActiveCfg = Debug|Any CPU
		{C49E0B66-46D8-4595-BBE5-CCA35A137AEB}.Debug|Any CPU.Build.0 = Debug|Any CPU
		{C49E0B66-46D8-4595-BBE5-CCA35A137AEB}.Release|Any CPU.ActiveCfg = Release|Any CPU
		{C49E0B66-46D8-4595-BBE5-CCA35A137AEB}.Release|Any CPU.Build.0 = Release|Any CPU
	EndGlobalSection
	GlobalSection(SolutionProperties) = preSolution
		HideSolutionNode = FALSE
	EndGlobalSection
	GlobalSection(ExtensibilityGlobals) = postSolution
		SolutionGuid = {1DCF1F66-EE43-4608-912F-00E24C24102E}
	EndGlobalSection
EndGlobal
