
Microsoft Visual Studio Solution File, Format Version 12.00
# Visual Studio Version 17
VisualStudioVersion = 17.2.32630.192
MinimumVisualStudioVersion = 10.0.40219.1
Project("{FAE04EC0-301F-11D3-BF4B-00C04F79EFBC}") = "Program6_loop", "Program6_loop\Program6_loop.csproj", "{36CF6C8C-1038-4330-9B4F-4A9F5020495E}"
EndProject
Global
	GlobalSection(SolutionConfigurationPlatforms) = preSolution
		Debug|Any CPU = Debug|Any CPU
		Release|Any CPU = Release|Any CPU
	EndGlobalSection
	GlobalSection(ProjectConfigurationPlatforms) = postSolution
		{36CF6C8C-1038-4330-9B4F-4A9F5020495E}.Debug|Any CPU.ActiveCfg = Debug|Any CPU
		{36CF6C8C-1038-4330-9B4F-4A9F5020495E}.Debug|Any CPU.Build.0 = Debug|Any CPU
		{36CF6C8C-1038-4330-9B4F-4A9F5020495E}.Release|Any CPU.ActiveCfg = Release|Any CPU
		{36CF6C8C-1038-4330-9B4F-4A9F5020495E}.Release|Any CPU.Build.0 = Release|Any CPU
	EndGlobalSection
	GlobalSection(SolutionProperties) = preSolution
		HideSolutionNode = FALSE
	EndGlobalSection
	GlobalSection(ExtensibilityGlobals) = postSolution
		SolutionGuid = {E35D1C45-2FBE-42DB-81AF-0FD5B9E589B4}
	EndGlobalSection
EndGlobal
