
Microsoft Visual Studio Solution File, Format Version 12.00
# Visual Studio Version 17
VisualStudioVersion = 17.2.32630.192
MinimumVisualStudioVersion = 10.0.40219.1
Project("{FAE04EC0-301F-11D3-BF4B-00C04F79EFBC}") = "Program_loop_one_do", "Program_loop_one_do\Program_loop_one_do.csproj", "{266972AD-427E-416D-8CFC-7441966F0129}"
EndProject
Global
	GlobalSection(SolutionConfigurationPlatforms) = preSolution
		Debug|Any CPU = Debug|Any CPU
		Release|Any CPU = Release|Any CPU
	EndGlobalSection
	GlobalSection(ProjectConfigurationPlatforms) = postSolution
		{266972AD-427E-416D-8CFC-7441966F0129}.Debug|Any CPU.ActiveCfg = Debug|Any CPU
		{266972AD-427E-416D-8CFC-7441966F0129}.Debug|Any CPU.Build.0 = Debug|Any CPU
		{266972AD-427E-416D-8CFC-7441966F0129}.Release|Any CPU.ActiveCfg = Release|Any CPU
		{266972AD-427E-416D-8CFC-7441966F0129}.Release|Any CPU.Build.0 = Release|Any CPU
	EndGlobalSection
	GlobalSection(SolutionProperties) = preSolution
		HideSolutionNode = FALSE
	EndGlobalSection
	GlobalSection(ExtensibilityGlobals) = postSolution
		SolutionGuid = {A17ECC9A-D211-46EF-A01A-11CC55CEDF3B}
	EndGlobalSection
EndGlobal
