
Microsoft Visual Studio Solution File, Format Version 12.00
# Visual Studio Version 17
VisualStudioVersion = 17.2.32630.192
MinimumVisualStudioVersion = 10.0.40219.1
Project("{FAE04EC0-301F-11D3-BF4B-00C04F79EFBC}") = "Program_loop_29_do", "Program_loop_29_do\Program_loop_29_do.csproj", "{BE189FBD-18C0-489A-8A31-8DD8F2427B43}"
EndProject
Global
	GlobalSection(SolutionConfigurationPlatforms) = preSolution
		Debug|Any CPU = Debug|Any CPU
		Release|Any CPU = Release|Any CPU
	EndGlobalSection
	GlobalSection(ProjectConfigurationPlatforms) = postSolution
		{BE189FBD-18C0-489A-8A31-8DD8F2427B43}.Debug|Any CPU.ActiveCfg = Debug|Any CPU
		{BE189FBD-18C0-489A-8A31-8DD8F2427B43}.Debug|Any CPU.Build.0 = Debug|Any CPU
		{BE189FBD-18C0-489A-8A31-8DD8F2427B43}.Release|Any CPU.ActiveCfg = Release|Any CPU
		{BE189FBD-18C0-489A-8A31-8DD8F2427B43}.Release|Any CPU.Build.0 = Release|Any CPU
	EndGlobalSection
	GlobalSection(SolutionProperties) = preSolution
		HideSolutionNode = FALSE
	EndGlobalSection
	GlobalSection(ExtensibilityGlobals) = postSolution
		SolutionGuid = {FF8C0A9F-71FA-4BA1-8E8F-4D3B2ADA8D17}
	EndGlobalSection
EndGlobal
