
Microsoft Visual Studio Solution File, Format Version 12.00
# Visual Studio Version 17
VisualStudioVersion = 17.2.32630.192
MinimumVisualStudioVersion = 10.0.40219.1
Project("{FAE04EC0-301F-11D3-BF4B-00C04F79EFBC}") = "Oops_ten_single_inheritance_constructor", "Oops_ten_single_inheritance_constructor\Oops_ten_single_inheritance_constructor.csproj", "{465E830D-395D-4B81-A015-03A454DDB2EE}"
EndProject
Global
	GlobalSection(SolutionConfigurationPlatforms) = preSolution
		Debug|Any CPU = Debug|Any CPU
		Release|Any CPU = Release|Any CPU
	EndGlobalSection
	GlobalSection(ProjectConfigurationPlatforms) = postSolution
		{465E830D-395D-4B81-A015-03A454DDB2EE}.Debug|Any CPU.ActiveCfg = Debug|Any CPU
		{465E830D-395D-4B81-A015-03A454DDB2EE}.Debug|Any CPU.Build.0 = Debug|Any CPU
		{465E830D-395D-4B81-A015-03A454DDB2EE}.Release|Any CPU.ActiveCfg = Release|Any CPU
		{465E830D-395D-4B81-A015-03A454DDB2EE}.Release|Any CPU.Build.0 = Release|Any CPU
	EndGlobalSection
	GlobalSection(SolutionProperties) = preSolution
		HideSolutionNode = FALSE
	EndGlobalSection
	GlobalSection(ExtensibilityGlobals) = postSolution
		SolutionGuid = {91B37128-5B17-4A08-8FB9-721F5ACE61F9}
	EndGlobalSection
EndGlobal
