
Microsoft Visual Studio Solution File, Format Version 12.00
# Visual Studio Version 17
VisualStudioVersion = 17.2.32630.192
MinimumVisualStudioVersion = 10.0.40219.1
Project("{FAE04EC0-301F-11D3-BF4B-00C04F79EFBC}") = "Sql_connection_two", "Sql_connection_two\Sql_connection_two.csproj", "{6A705585-21DA-4092-A279-8DBF9BF1B83D}"
EndProject
Global
	GlobalSection(SolutionConfigurationPlatforms) = preSolution
		Debug|Any CPU = Debug|Any CPU
		Release|Any CPU = Release|Any CPU
	EndGlobalSection
	GlobalSection(ProjectConfigurationPlatforms) = postSolution
		{6A705585-21DA-4092-A279-8DBF9BF1B83D}.Debug|Any CPU.ActiveCfg = Debug|Any CPU
		{6A705585-21DA-4092-A279-8DBF9BF1B83D}.Debug|Any CPU.Build.0 = Debug|Any CPU
		{6A705585-21DA-4092-A279-8DBF9BF1B83D}.Release|Any CPU.ActiveCfg = Release|Any CPU
		{6A705585-21DA-4092-A279-8DBF9BF1B83D}.Release|Any CPU.Build.0 = Release|Any CPU
	EndGlobalSection
	GlobalSection(SolutionProperties) = preSolution
		HideSolutionNode = FALSE
	EndGlobalSection
	GlobalSection(ExtensibilityGlobals) = postSolution
		SolutionGuid = {38AAAD97-01D3-45B8-AE7C-E8C83678A7D5}
	EndGlobalSection
EndGlobal
