
Microsoft Visual Studio Solution File, Format Version 12.00
# Visual Studio Version 17
VisualStudioVersion = 17.2.32630.192
MinimumVisualStudioVersion = 10.0.40219.1
Project("{FAE04EC0-301F-11D3-BF4B-00C04F79EFBC}") = "Program1_loop", "Program1_loop\Program1_loop.csproj", "{70E95E9C-578E-43D8-BA4A-1A613BA31332}"
EndProject
Global
	GlobalSection(SolutionConfigurationPlatforms) = preSolution
		Debug|Any CPU = Debug|Any CPU
		Release|Any CPU = Release|Any CPU
	EndGlobalSection
	GlobalSection(ProjectConfigurationPlatforms) = postSolution
		{70E95E9C-578E-43D8-BA4A-1A613BA31332}.Debug|Any CPU.ActiveCfg = Debug|Any CPU
		{70E95E9C-578E-43D8-BA4A-1A613BA31332}.Debug|Any CPU.Build.0 = Debug|Any CPU
		{70E95E9C-578E-43D8-BA4A-1A613BA31332}.Release|Any CPU.ActiveCfg = Release|Any CPU
		{70E95E9C-578E-43D8-BA4A-1A613BA31332}.Release|Any CPU.Build.0 = Release|Any CPU
	EndGlobalSection
	GlobalSection(SolutionProperties) = preSolution
		HideSolutionNode = FALSE
	EndGlobalSection
	GlobalSection(ExtensibilityGlobals) = postSolution
		SolutionGuid = {A086727A-7EF3-4973-804C-0B4113FCB947}
	EndGlobalSection
EndGlobal
