
Microsoft Visual Studio Solution File, Format Version 12.00
# Visual Studio Version 17
VisualStudioVersion = 17.2.32630.192
MinimumVisualStudioVersion = 10.0.40219.1
Project("{FAE04EC0-301F-11D3-BF4B-00C04F79EFBC}") = "Multiple_parameters", "Multiple_parameters\Multiple_parameters.csproj", "{7FDCCE55-A950-48C2-A187-D4F9BDBD67E2}"
EndProject
Global
	GlobalSection(SolutionConfigurationPlatforms) = preSolution
		Debug|Any CPU = Debug|Any CPU
		Release|Any CPU = Release|Any CPU
	EndGlobalSection
	GlobalSection(ProjectConfigurationPlatforms) = postSolution
		{7FDCCE55-A950-48C2-A187-D4F9BDBD67E2}.Debug|Any CPU.ActiveCfg = Debug|Any CPU
		{7FDCCE55-A950-48C2-A187-D4F9BDBD67E2}.Debug|Any CPU.Build.0 = Debug|Any CPU
		{7FDCCE55-A950-48C2-A187-D4F9BDBD67E2}.Release|Any CPU.ActiveCfg = Release|Any CPU
		{7FDCCE55-A950-48C2-A187-D4F9BDBD67E2}.Release|Any CPU.Build.0 = Release|Any CPU
	EndGlobalSection
	GlobalSection(SolutionProperties) = preSolution
		HideSolutionNode = FALSE
	EndGlobalSection
	GlobalSection(ExtensibilityGlobals) = postSolution
		SolutionGuid = {7C8DE60E-59F9-464F-830B-B6CB56E15D6C}
	EndGlobalSection
EndGlobal
