
Microsoft Visual Studio Solution File, Format Version 12.00
# Visual Studio Version 17
VisualStudioVersion = 17.2.32630.192
MinimumVisualStudioVersion = 10.0.40219.1
Project("{FAE04EC0-301F-11D3-BF4B-00C04F79EFBC}") = "Ooops_one", "Ooops_one\Ooops_one.csproj", "{8711E927-B28B-4E72-AC82-19D33365A5E7}"
EndProject
Global
	GlobalSection(SolutionConfigurationPlatforms) = preSolution
		Debug|Any CPU = Debug|Any CPU
		Release|Any CPU = Release|Any CPU
	EndGlobalSection
	GlobalSection(ProjectConfigurationPlatforms) = postSolution
		{8711E927-B28B-4E72-AC82-19D33365A5E7}.Debug|Any CPU.ActiveCfg = Debug|Any CPU
		{8711E927-B28B-4E72-AC82-19D33365A5E7}.Debug|Any CPU.Build.0 = Debug|Any CPU
		{8711E927-B28B-4E72-AC82-19D33365A5E7}.Release|Any CPU.ActiveCfg = Release|Any CPU
		{8711E927-B28B-4E72-AC82-19D33365A5E7}.Release|Any CPU.Build.0 = Release|Any CPU
	EndGlobalSection
	GlobalSection(SolutionProperties) = preSolution
		HideSolutionNode = FALSE
	EndGlobalSection
	GlobalSection(ExtensibilityGlobals) = postSolution
		SolutionGuid = {002AAF1B-0D1C-4B76-BF88-C7B134A9D01A}
	EndGlobalSection
EndGlobal
