
Microsoft Visual Studio Solution File, Format Version 12.00
# Visual Studio Version 17
VisualStudioVersion = 17.2.32630.192
MinimumVisualStudioVersion = 10.0.40219.1
Project("{FAE04EC0-301F-11D3-BF4B-00C04F79EFBC}") = "Unary_Increment_operator", "Unary_Increment_operator\Unary_Increment_operator.csproj", "{EA8236FF-B329-40AA-8040-9EEFA9189F54}"
EndProject
Global
	GlobalSection(SolutionConfigurationPlatforms) = preSolution
		Debug|Any CPU = Debug|Any CPU
		Release|Any CPU = Release|Any CPU
	EndGlobalSection
	GlobalSection(ProjectConfigurationPlatforms) = postSolution
		{EA8236FF-B329-40AA-8040-9EEFA9189F54}.Debug|Any CPU.ActiveCfg = Debug|Any CPU
		{EA8236FF-B329-40AA-8040-9EEFA9189F54}.Debug|Any CPU.Build.0 = Debug|Any CPU
		{EA8236FF-B329-40AA-8040-9EEFA9189F54}.Release|Any CPU.ActiveCfg = Release|Any CPU
		{EA8236FF-B329-40AA-8040-9EEFA9189F54}.Release|Any CPU.Build.0 = Release|Any CPU
	EndGlobalSection
	GlobalSection(SolutionProperties) = preSolution
		HideSolutionNode = FALSE
	EndGlobalSection
	GlobalSection(ExtensibilityGlobals) = postSolution
		SolutionGuid = {9AE4325D-C65C-499A-A923-BC421956B402}
	EndGlobalSection
EndGlobal
