
Microsoft Visual Studio Solution File, Format Version 12.00
# Visual Studio Version 17
VisualStudioVersion = 17.2.32630.192
MinimumVisualStudioVersion = 10.0.40219.1
Project("{FAE04EC0-301F-11D3-BF4B-00C04F79EFBC}") = "Static_variable", "Static_variable\Static_variable.csproj", "{23CBDD00-9237-4F4C-AF43-31E0EF339439}"
EndProject
Global
	GlobalSection(SolutionConfigurationPlatforms) = preSolution
		Debug|Any CPU = Debug|Any CPU
		Release|Any CPU = Release|Any CPU
	EndGlobalSection
	GlobalSection(ProjectConfigurationPlatforms) = postSolution
		{23CBDD00-9237-4F4C-AF43-31E0EF339439}.Debug|Any CPU.ActiveCfg = Debug|Any CPU
		{23CBDD00-9237-4F4C-AF43-31E0EF339439}.Debug|Any CPU.Build.0 = Debug|Any CPU
		{23CBDD00-9237-4F4C-AF43-31E0EF339439}.Release|Any CPU.ActiveCfg = Release|Any CPU
		{23CBDD00-9237-4F4C-AF43-31E0EF339439}.Release|Any CPU.Build.0 = Release|Any CPU
	EndGlobalSection
	GlobalSection(SolutionProperties) = preSolution
		HideSolutionNode = FALSE
	EndGlobalSection
	GlobalSection(ExtensibilityGlobals) = postSolution
		SolutionGuid = {08B05C10-0736-418A-89B4-322BA298B5A9}
	EndGlobalSection
EndGlobal
