
Microsoft Visual Studio Solution File, Format Version 12.00
# Visual Studio Version 17
VisualStudioVersion = 17.2.32630.192
MinimumVisualStudioVersion = 10.0.40219.1
Project("{FAE04EC0-301F-11D3-BF4B-00C04F79EFBC}") = "Program_loop_23_while", "Program_loop_23_while\Program_loop_23_while.csproj", "{F2631091-E925-4086-B408-1E0AD020D297}"
EndProject
Global
	GlobalSection(SolutionConfigurationPlatforms) = preSolution
		Debug|Any CPU = Debug|Any CPU
		Release|Any CPU = Release|Any CPU
	EndGlobalSection
	GlobalSection(ProjectConfigurationPlatforms) = postSolution
		{F2631091-E925-4086-B408-1E0AD020D297}.Debug|Any CPU.ActiveCfg = Debug|Any CPU
		{F2631091-E925-4086-B408-1E0AD020D297}.Debug|Any CPU.Build.0 = Debug|Any CPU
		{F2631091-E925-4086-B408-1E0AD020D297}.Release|Any CPU.ActiveCfg = Release|Any CPU
		{F2631091-E925-4086-B408-1E0AD020D297}.Release|Any CPU.Build.0 = Release|Any CPU
	EndGlobalSection
	GlobalSection(SolutionProperties) = preSolution
		HideSolutionNode = FALSE
	EndGlobalSection
	GlobalSection(ExtensibilityGlobals) = postSolution
		SolutionGuid = {42264EEF-8142-42BE-AB74-BA0C7592DB1F}
	EndGlobalSection
EndGlobal
