
Microsoft Visual Studio Solution File, Format Version 12.00
# Visual Studio Version 17
VisualStudioVersion = 17.2.32630.192
MinimumVisualStudioVersion = 10.0.40219.1
Project("{FAE04EC0-301F-11D3-BF4B-00C04F79EFBC}") = "Program_loop_21_for", "Program_loop_21_for\Program_loop_21_for.csproj", "{257EB861-4CC6-41F3-9528-CDFF78D27B36}"
EndProject
Global
	GlobalSection(SolutionConfigurationPlatforms) = preSolution
		Debug|Any CPU = Debug|Any CPU
		Release|Any CPU = Release|Any CPU
	EndGlobalSection
	GlobalSection(ProjectConfigurationPlatforms) = postSolution
		{257EB861-4CC6-41F3-9528-CDFF78D27B36}.Debug|Any CPU.ActiveCfg = Debug|Any CPU
		{257EB861-4CC6-41F3-9528-CDFF78D27B36}.Debug|Any CPU.Build.0 = Debug|Any CPU
		{257EB861-4CC6-41F3-9528-CDFF78D27B36}.Release|Any CPU.ActiveCfg = Release|Any CPU
		{257EB861-4CC6-41F3-9528-CDFF78D27B36}.Release|Any CPU.Build.0 = Release|Any CPU
	EndGlobalSection
	GlobalSection(SolutionProperties) = preSolution
		HideSolutionNode = FALSE
	EndGlobalSection
	GlobalSection(ExtensibilityGlobals) = postSolution
		SolutionGuid = {386D8926-87C4-427A-B0EC-0660C391B186}
	EndGlobalSection
EndGlobal
