
Microsoft Visual Studio Solution File, Format Version 12.00
# Visual Studio Version 17
VisualStudioVersion = 17.2.32630.192
MinimumVisualStudioVersion = 10.0.40219.1
Project("{F184B08F-C81C-45F6-A57F-5ABD9991F28F}") = "Program_if7_nested", "Program_if7_nested\Program_if7_nested.vbproj", "{18810885-3FC4-4684-B1B3-906C21E22C02}"
EndProject
Global
	GlobalSection(SolutionConfigurationPlatforms) = preSolution
		Debug|Any CPU = Debug|Any CPU
		Release|Any CPU = Release|Any CPU
	EndGlobalSection
	GlobalSection(ProjectConfigurationPlatforms) = postSolution
		{18810885-3FC4-4684-B1B3-906C21E22C02}.Debug|Any CPU.ActiveCfg = Debug|Any CPU
		{18810885-3FC4-4684-B1B3-906C21E22C02}.Debug|Any CPU.Build.0 = Debug|Any CPU
		{18810885-3FC4-4684-B1B3-906C21E22C02}.Release|Any CPU.ActiveCfg = Release|Any CPU
		{18810885-3FC4-4684-B1B3-906C21E22C02}.Release|Any CPU.Build.0 = Release|Any CPU
	EndGlobalSection
	GlobalSection(SolutionProperties) = preSolution
		HideSolutionNode = FALSE
	EndGlobalSection
	GlobalSection(ExtensibilityGlobals) = postSolution
		SolutionGuid = {08E7B105-BEE3-48D2-AFD4-CDB5D2A06DB3}
	EndGlobalSection
EndGlobal
