
Microsoft Visual Studio Solution File, Format Version 12.00
# Visual Studio Version 17
VisualStudioVersion = 17.2.32630.192
MinimumVisualStudioVersion = 10.0.40219.1
Project("{FAE04EC0-301F-11D3-BF4B-00C04F79EFBC}") = "Program2_loop", "Program2_loop\Program2_loop.csproj", "{B0321418-2323-4FE6-B7C7-FE95113BEEFD}"
EndProject
Global
	GlobalSection(SolutionConfigurationPlatforms) = preSolution
		Debug|Any CPU = Debug|Any CPU
		Release|Any CPU = Release|Any CPU
	EndGlobalSection
	GlobalSection(ProjectConfigurationPlatforms) = postSolution
		{B0321418-2323-4FE6-B7C7-FE95113BEEFD}.Debug|Any CPU.ActiveCfg = Debug|Any CPU
		{B0321418-2323-4FE6-B7C7-FE95113BEEFD}.Debug|Any CPU.Build.0 = Debug|Any CPU
		{B0321418-2323-4FE6-B7C7-FE95113BEEFD}.Release|Any CPU.ActiveCfg = Release|Any CPU
		{B0321418-2323-4FE6-B7C7-FE95113BEEFD}.Release|Any CPU.Build.0 = Release|Any CPU
	EndGlobalSection
	GlobalSection(SolutionProperties) = preSolution
		HideSolutionNode = FALSE
	EndGlobalSection
	GlobalSection(ExtensibilityGlobals) = postSolution
		SolutionGuid = {3DC9CC59-5404-4A21-8093-C81117E77E06}
	EndGlobalSection
EndGlobal
