
Microsoft Visual Studio Solution File, Format Version 12.00
# Visual Studio Version 17
VisualStudioVersion = 17.2.32630.192
MinimumVisualStudioVersion = 10.0.40219.1
Project("{FAE04EC0-301F-11D3-BF4B-00C04F79EFBC}") = "Program_loop_sixteen_for", "Program_loop_sixteen_for\Program_loop_sixteen_for.csproj", "{33D550CF-5773-43DC-8B46-17905E9CC5FB}"
EndProject
Global
	GlobalSection(SolutionConfigurationPlatforms) = preSolution
		Debug|Any CPU = Debug|Any CPU
		Release|Any CPU = Release|Any CPU
	EndGlobalSection
	GlobalSection(ProjectConfigurationPlatforms) = postSolution
		{33D550CF-5773-43DC-8B46-17905E9CC5FB}.Debug|Any CPU.ActiveCfg = Debug|Any CPU
		{33D550CF-5773-43DC-8B46-17905E9CC5FB}.Debug|Any CPU.Build.0 = Debug|Any CPU
		{33D550CF-5773-43DC-8B46-17905E9CC5FB}.Release|Any CPU.ActiveCfg = Release|Any CPU
		{33D550CF-5773-43DC-8B46-17905E9CC5FB}.Release|Any CPU.Build.0 = Release|Any CPU
	EndGlobalSection
	GlobalSection(SolutionProperties) = preSolution
		HideSolutionNode = FALSE
	EndGlobalSection
	GlobalSection(ExtensibilityGlobals) = postSolution
		SolutionGuid = {B0362127-8E05-437B-B8E3-47D71A17857A}
	EndGlobalSection
EndGlobal
