
Microsoft Visual Studio Solution File, Format Version 12.00
# Visual Studio Version 17
VisualStudioVersion = 17.2.32630.192
MinimumVisualStudioVersion = 10.0.40219.1
Project("{FAE04EC0-301F-11D3-BF4B-00C04F79EFBC}") = "Program_loop_23_do", "Program_loop_23_do\Program_loop_23_do.csproj", "{CADE0E7A-3050-44B2-A42A-DAD18EC1FE97}"
EndProject
Global
	GlobalSection(SolutionConfigurationPlatforms) = preSolution
		Debug|Any CPU = Debug|Any CPU
		Release|Any CPU = Release|Any CPU
	EndGlobalSection
	GlobalSection(ProjectConfigurationPlatforms) = postSolution
		{CADE0E7A-3050-44B2-A42A-DAD18EC1FE97}.Debug|Any CPU.ActiveCfg = Debug|Any CPU
		{CADE0E7A-3050-44B2-A42A-DAD18EC1FE97}.Debug|Any CPU.Build.0 = Debug|Any CPU
		{CADE0E7A-3050-44B2-A42A-DAD18EC1FE97}.Release|Any CPU.ActiveCfg = Release|Any CPU
		{CADE0E7A-3050-44B2-A42A-DAD18EC1FE97}.Release|Any CPU.Build.0 = Release|Any CPU
	EndGlobalSection
	GlobalSection(SolutionProperties) = preSolution
		HideSolutionNode = FALSE
	EndGlobalSection
	GlobalSection(ExtensibilityGlobals) = postSolution
		SolutionGuid = {836141D4-764F-4453-B1C6-88EB33DED95B}
	EndGlobalSection
EndGlobal
