
Microsoft Visual Studio Solution File, Format Version 12.00
# Visual Studio Version 17
VisualStudioVersion = 17.2.32630.192
MinimumVisualStudioVersion = 10.0.40219.1
Project("{FAE04EC0-301F-11D3-BF4B-00C04F79EFBC}") = "Practice_twenty", "Practice_twenty\Practice_twenty.csproj", "{603B08E5-CE17-431F-A6A7-7F720B9B5914}"
EndProject
Global
	GlobalSection(SolutionConfigurationPlatforms) = preSolution
		Debug|Any CPU = Debug|Any CPU
		Release|Any CPU = Release|Any CPU
	EndGlobalSection
	GlobalSection(ProjectConfigurationPlatforms) = postSolution
		{603B08E5-CE17-431F-A6A7-7F720B9B5914}.Debug|Any CPU.ActiveCfg = Debug|Any CPU
		{603B08E5-CE17-431F-A6A7-7F720B9B5914}.Debug|Any CPU.Build.0 = Debug|Any CPU
		{603B08E5-CE17-431F-A6A7-7F720B9B5914}.Release|Any CPU.ActiveCfg = Release|Any CPU
		{603B08E5-CE17-431F-A6A7-7F720B9B5914}.Release|Any CPU.Build.0 = Release|Any CPU
	EndGlobalSection
	GlobalSection(SolutionProperties) = preSolution
		HideSolutionNode = FALSE
	EndGlobalSection
	GlobalSection(ExtensibilityGlobals) = postSolution
		SolutionGuid = {F75C09E1-3380-49A4-BB5B-0064F3DCED0D}
	EndGlobalSection
EndGlobal
