
Microsoft Visual Studio Solution File, Format Version 12.00
# Visual Studio Version 17
VisualStudioVersion = 17.2.32630.192
MinimumVisualStudioVersion = 10.0.40219.1
Project("{FAE04EC0-301F-11D3-BF4B-00C04F79EFBC}") = "ConsoleApp2", "ConsoleApp2\ConsoleApp2.csproj", "{27C7CBED-312F-46E1-B295-E1D450685EDF}"
EndProject
Global
	GlobalSection(SolutionConfigurationPlatforms) = preSolution
		Debug|Any CPU = Debug|Any CPU
		Release|Any CPU = Release|Any CPU
	EndGlobalSection
	GlobalSection(ProjectConfigurationPlatforms) = postSolution
		{27C7CBED-312F-46E1-B295-E1D450685EDF}.Debug|Any CPU.ActiveCfg = Debug|Any CPU
		{27C7CBED-312F-46E1-B295-E1D450685EDF}.Debug|Any CPU.Build.0 = Debug|Any CPU
		{27C7CBED-312F-46E1-B295-E1D450685EDF}.Release|Any CPU.ActiveCfg = Release|Any CPU
		{27C7CBED-312F-46E1-B295-E1D450685EDF}.Release|Any CPU.Build.0 = Release|Any CPU
	EndGlobalSection
	GlobalSection(SolutionProperties) = preSolution
		HideSolutionNode = FALSE
	EndGlobalSection
	GlobalSection(ExtensibilityGlobals) = postSolution
		SolutionGuid = {F2444D6C-B932-425A-AD36-74B322B9A94B}
	EndGlobalSection
EndGlobal
