
Microsoft Visual Studio Solution File, Format Version 12.00
# Visual Studio Version 17
VisualStudioVersion = 17.2.32630.192
MinimumVisualStudioVersion = 10.0.40219.1
Project("{FAE04EC0-301F-11D3-BF4B-00C04F79EFBC}") = "Program_loop_twenty_three_for", "Program_loop_twenty_three_for\Program_loop_twenty_three_for.csproj", "{3EB30776-F51B-4E5D-A563-CE1397396CF0}"
EndProject
Global
	GlobalSection(SolutionConfigurationPlatforms) = preSolution
		Debug|Any CPU = Debug|Any CPU
		Release|Any CPU = Release|Any CPU
	EndGlobalSection
	GlobalSection(ProjectConfigurationPlatforms) = postSolution
		{3EB30776-F51B-4E5D-A563-CE1397396CF0}.Debug|Any CPU.ActiveCfg = Debug|Any CPU
		{3EB30776-F51B-4E5D-A563-CE1397396CF0}.Debug|Any CPU.Build.0 = Debug|Any CPU
		{3EB30776-F51B-4E5D-A563-CE1397396CF0}.Release|Any CPU.ActiveCfg = Release|Any CPU
		{3EB30776-F51B-4E5D-A563-CE1397396CF0}.Release|Any CPU.Build.0 = Release|Any CPU
	EndGlobalSection
	GlobalSection(SolutionProperties) = preSolution
		HideSolutionNode = FALSE
	EndGlobalSection
	GlobalSection(ExtensibilityGlobals) = postSolution
		SolutionGuid = {2F5AD3CE-2557-42B1-B289-946E902223AD}
	EndGlobalSection
EndGlobal
