
Microsoft Visual Studio Solution File, Format Version 12.00
# Visual Studio Version 17
VisualStudioVersion = 17.2.32630.192
MinimumVisualStudioVersion = 10.0.40219.1
Project("{FAE04EC0-301F-11D3-BF4B-00C04F79EFBC}") = "Windows_form_project_task", "Windows_form_project_task\Windows_form_project_task.csproj", "{8F42F8B3-007F-4370-BDFD-0DA5EC654124}"
EndProject
Global
	GlobalSection(SolutionConfigurationPlatforms) = preSolution
		Debug|Any CPU = Debug|Any CPU
		Release|Any CPU = Release|Any CPU
	EndGlobalSection
	GlobalSection(ProjectConfigurationPlatforms) = postSolution
		{8F42F8B3-007F-4370-BDFD-0DA5EC654124}.Debug|Any CPU.ActiveCfg = Debug|Any CPU
		{8F42F8B3-007F-4370-BDFD-0DA5EC654124}.Debug|Any CPU.Build.0 = Debug|Any CPU
		{8F42F8B3-007F-4370-BDFD-0DA5EC654124}.Release|Any CPU.ActiveCfg = Release|Any CPU
		{8F42F8B3-007F-4370-BDFD-0DA5EC654124}.Release|Any CPU.Build.0 = Release|Any CPU
	EndGlobalSection
	GlobalSection(SolutionProperties) = preSolution
		HideSolutionNode = FALSE
	EndGlobalSection
	GlobalSection(ExtensibilityGlobals) = postSolution
		SolutionGuid = {68B0CC11-05A8-4117-8408-7AA7C562B688}
	EndGlobalSection
EndGlobal
