
Microsoft Visual Studio Solution File, Format Version 12.00
# Visual Studio Version 17
VisualStudioVersion = 17.2.32630.192
MinimumVisualStudioVersion = 10.0.40219.1
Project("{FAE04EC0-301F-11D3-BF4B-00C04F79EFBC}") = "Program_loop_five_for", "Program_loop_five_for\Program_loop_five_for.csproj", "{9995F154-A7E6-4B24-8F7B-9C1FAC4E8370}"
EndProject
Global
	GlobalSection(SolutionConfigurationPlatforms) = preSolution
		Debug|Any CPU = Debug|Any CPU
		Release|Any CPU = Release|Any CPU
	EndGlobalSection
	GlobalSection(ProjectConfigurationPlatforms) = postSolution
		{9995F154-A7E6-4B24-8F7B-9C1FAC4E8370}.Debug|Any CPU.ActiveCfg = Debug|Any CPU
		{9995F154-A7E6-4B24-8F7B-9C1FAC4E8370}.Debug|Any CPU.Build.0 = Debug|Any CPU
		{9995F154-A7E6-4B24-8F7B-9C1FAC4E8370}.Release|Any CPU.ActiveCfg = Release|Any CPU
		{9995F154-A7E6-4B24-8F7B-9C1FAC4E8370}.Release|Any CPU.Build.0 = Release|Any CPU
	EndGlobalSection
	GlobalSection(SolutionProperties) = preSolution
		HideSolutionNode = FALSE
	EndGlobalSection
	GlobalSection(ExtensibilityGlobals) = postSolution
		SolutionGuid = {B63008E9-3860-48F5-AEB1-6902500CBE93}
	EndGlobalSection
EndGlobal
